PODS:
  - RZBluetooth (1.0.3):
    - RZBluetooth/Core (= 1.0.3)
  - RZBluetooth/Core (1.0.3)
  - RZBluetooth/Mock (1.0.3):
    - RZBluetooth/Core
  - RZBluetooth/Test (1.0.3):
    - RZBluetooth/Mock

DEPENDENCIES:
  - RZBluetooth (from `../`)
  - RZBluetooth/Mock (from `../`)
  - RZBluetooth/Test (from `../`)

EXTERNAL SOURCES:
  RZBluetooth:
    :path: "../"

SPEC CHECKSUMS:
  RZBluetooth: 92d03081c828e456598ef478b0c06db79f3d6c15

PODFILE CHECKSUM: f1c9b72b9b564b76a7345101a79cb6d7a2c9e80e

COCOAPODS: 1.1.1
