PODS:
  - RZBluetooth (1.3.0):
    - RZBluetooth/Core (= 1.3.0)
  - RZBluetooth/Core (1.3.0)
  - RZBluetooth/Mock (1.3.0):
    - RZBluetooth/Core
  - RZBluetooth/Test (1.3.0):
    - RZBluetooth/Mock

DEPENDENCIES:
  - RZBluetooth (from `../`)
  - RZBluetooth/Mock (from `../`)
  - RZBluetooth/Test (from `../`)

EXTERNAL SOURCES:
  RZBluetooth:
    :path: "../"

SPEC CHECKSUMS:
  RZBluetooth: 1045f7dc888c23b48630e01587b167f37e2221f1

PODFILE CHECKSUM: 59c496015b058d51356fb42be99c646d4a72a2cb

COCOAPODS: 1.6.0.beta.1
