PODS:
  - RZBluetooth (1.1.0):
    - RZBluetooth/Core (= 1.1.0)
  - RZBluetooth/Core (1.1.0)
  - RZBluetooth/Mock (1.1.0):
    - RZBluetooth/Core
  - RZBluetooth/Test (1.1.0):
    - RZBluetooth/Mock

DEPENDENCIES:
  - RZBluetooth (from `../`)
  - RZBluetooth/Mock (from `../`)
  - RZBluetooth/Test (from `../`)

EXTERNAL SOURCES:
  RZBluetooth:
    :path: "../"

SPEC CHECKSUMS:
  RZBluetooth: 39cd9c0f22069e6a887d81273eb9c775c0648207

PODFILE CHECKSUM: 99fb11463765bf86f0ef678a9d3d558058b0827b

COCOAPODS: 1.1.0.rc.2
