// !$*UTF8*$!
{
	archiveVersion = 1;
	classes = {
	};
	objectVersion = 46;
	objects = {

/* Begin PBXBuildFile section */
		15930BC51D1C2032009C269C /* RZBUserInteraction.m in Sources */ = {isa = PBXBuildFile; fileRef = ABEA8FC11BF2740200543BC3 /* RZBUserInteraction.m */; };
		15930BC61D1C2032009C269C /* RZBDeviceInfo.m in Sources */ = {isa = PBXBuildFile; fileRef = AB4135FB1B71AB91002F450F /* RZBDeviceInfo.m */; };
		15930BC71D1C2032009C269C /* RZBCommand.m in Sources */ = {isa = PBXBuildFile; fileRef = AB45C4BA1B6BF88B00CC0166 /* RZBCommand.m */; };
		15930BC81D1C2032009C269C /* RZBUUIDPath.m in Sources */ = {isa = PBXBuildFile; fileRef = AB45C4BE1B6BF88B00CC0166 /* RZBUUIDPath.m */; };
		15930BC91D1C2032009C269C /* RZBCentralManager.m in Sources */ = {isa = PBXBuildFile; fileRef = AB45C4C71B6BF88B00CC0166 /* RZBCentralManager.m */; };
		15930BCA1D1C2032009C269C /* CBUUID+RZBPublic.m in Sources */ = {isa = PBXBuildFile; fileRef = AB0E299F1B7E2CE200A1ADA9 /* CBUUID+RZBPublic.m */; };
		15930BCB1D1C2032009C269C /* RZBErrors.m in Sources */ = {isa = PBXBuildFile; fileRef = AB45C4C21B6BF88B00CC0166 /* RZBErrors.m */; };
		15930BCC1D1C2032009C269C /* RZBScanInfo.m in Sources */ = {isa = PBXBuildFile; fileRef = AB14AF021CA59CDA00D1436D /* RZBScanInfo.m */; };
		15930BCD1D1C2032009C269C /* RZBCentralManager+CommandHelper.m in Sources */ = {isa = PBXBuildFile; fileRef = AB4A45131CA22AE300C82703 /* RZBCentralManager+CommandHelper.m */; };
		15930BCE1D1C2032009C269C /* RZBLog.m in Sources */ = {isa = PBXBuildFile; fileRef = ABA4827B1C18B44400709F8F /* RZBLog.m */; };
		15930BCF1D1C2032009C269C /* RZBHeartRateMeasurement.m in Sources */ = {isa = PBXBuildFile; fileRef = AB0E29A21B7E2D3F00A1ADA9 /* RZBHeartRateMeasurement.m */; };
		15930BD01D1C2032009C269C /* RZBPeripheral+RZBBattery.m in Sources */ = {isa = PBXBuildFile; fileRef = ABCD837F1B73D77C00DA1162 /* RZBPeripheral+RZBBattery.m */; };
		15930BD11D1C2032009C269C /* RZBPeripheral+RZBHeartRate.m in Sources */ = {isa = PBXBuildFile; fileRef = AB0E299C1B7E19E100A1ADA9 /* RZBPeripheral+RZBHeartRate.m */; };
		15930BD21D1C2032009C269C /* RZBPeripheral.m in Sources */ = {isa = PBXBuildFile; fileRef = AB4A450F1CA223B200C82703 /* RZBPeripheral.m */; };
		15930BD31D1C2032009C269C /* RZBCommandDispatch.m in Sources */ = {isa = PBXBuildFile; fileRef = AB45C4BC1B6BF88B00CC0166 /* RZBCommandDispatch.m */; };
		15930BD41D1C2032009C269C /* CBService+RZBExtension.m in Sources */ = {isa = PBXBuildFile; fileRef = AB45C5501B70F8D800CC0166 /* CBService+RZBExtension.m */; };
		AB056E471CBBD55E00145E87 /* RZBSimulationObjectTests.m in Sources */ = {isa = PBXBuildFile; fileRef = AB056E461CBBD55E00145E87 /* RZBSimulationObjectTests.m */; };
		AB0E299D1B7E19E100A1ADA9 /* RZBPeripheral+RZBHeartRate.m in Sources */ = {isa = PBXBuildFile; fileRef = AB0E299C1B7E19E100A1ADA9 /* RZBPeripheral+RZBHeartRate.m */; };
		AB0E29A01B7E2CE200A1ADA9 /* CBUUID+RZBPublic.m in Sources */ = {isa = PBXBuildFile; fileRef = AB0E299F1B7E2CE200A1ADA9 /* CBUUID+RZBPublic.m */; };
		AB0E29A31B7E2D3F00A1ADA9 /* RZBHeartRateMeasurement.m in Sources */ = {isa = PBXBuildFile; fileRef = AB0E29A21B7E2D3F00A1ADA9 /* RZBHeartRateMeasurement.m */; };
		AB14AF031CA59CDA00D1436D /* RZBScanInfo.m in Sources */ = {isa = PBXBuildFile; fileRef = AB14AF021CA59CDA00D1436D /* RZBScanInfo.m */; };
		AB14AF151CA5DBE500D1436D /* PacketPeripheral.swift in Sources */ = {isa = PBXBuildFile; fileRef = AB14AF141CA5DBE500D1436D /* PacketPeripheral.swift */; };
		AB14AF171CA5DC0300D1436D /* SimulatedPacketDevice.swift in Sources */ = {isa = PBXBuildFile; fileRef = AB14AF161CA5DC0300D1436D /* SimulatedPacketDevice.swift */; };
		AB14AF191CA5DC2000D1436D /* Packet.swift in Sources */ = {isa = PBXBuildFile; fileRef = AB14AF181CA5DC2000D1436D /* Packet.swift */; };
		AB14AF1D1CA5DF1800D1436D /* PacketUUID.swift in Sources */ = {isa = PBXBuildFile; fileRef = AB14AF1C1CA5DF1800D1436D /* PacketUUID.swift */; };
		AB4135EF1B718C94002F450F /* RZBSimulatedCallback.m in Sources */ = {isa = PBXBuildFile; fileRef = AB4135E81B718C94002F450F /* RZBSimulatedCallback.m */; };
		AB4135F01B718C94002F450F /* RZBSimulatedCentral.m in Sources */ = {isa = PBXBuildFile; fileRef = AB4135EA1B718C94002F450F /* RZBSimulatedCentral.m */; };
		AB4135F11B718C94002F450F /* RZBSimulatedConnection.m in Sources */ = {isa = PBXBuildFile; fileRef = AB4135EC1B718C94002F450F /* RZBSimulatedConnection.m */; };
		AB4135FC1B71AB91002F450F /* RZBDeviceInfo.m in Sources */ = {isa = PBXBuildFile; fileRef = AB4135FB1B71AB91002F450F /* RZBDeviceInfo.m */; };
		AB4136021B71BAE3002F450F /* RZBSimulatedTestCase.m in Sources */ = {isa = PBXBuildFile; fileRef = AB4136011B71BAE3002F450F /* RZBSimulatedTestCase.m */; };
		AB4136041B71BC3D002F450F /* RZBProfileDeviceInfoTests.m in Sources */ = {isa = PBXBuildFile; fileRef = AB4136031B71BC3D002F450F /* RZBProfileDeviceInfoTests.m */; };
		AB4136071B71BE40002F450F /* RZBSimulatedDevice.m in Sources */ = {isa = PBXBuildFile; fileRef = AB4136061B71BE40002F450F /* RZBSimulatedDevice.m */; };
		AB45C4A51B6BF70B00CC0166 /* libRZBluetooth.a in Frameworks */ = {isa = PBXBuildFile; fileRef = AB45C4991B6BF70B00CC0166 /* libRZBluetooth.a */; };
		AB45C4CA1B6BF88B00CC0166 /* RZBCommand.m in Sources */ = {isa = PBXBuildFile; fileRef = AB45C4BA1B6BF88B00CC0166 /* RZBCommand.m */; };
		AB45C4CB1B6BF88B00CC0166 /* RZBCommandDispatch.m in Sources */ = {isa = PBXBuildFile; fileRef = AB45C4BC1B6BF88B00CC0166 /* RZBCommandDispatch.m */; };
		AB45C4CC1B6BF88B00CC0166 /* RZBUUIDPath.m in Sources */ = {isa = PBXBuildFile; fileRef = AB45C4BE1B6BF88B00CC0166 /* RZBUUIDPath.m */; };
		AB45C4CD1B6BF88B00CC0166 /* RZBErrors.m in Sources */ = {isa = PBXBuildFile; fileRef = AB45C4C21B6BF88B00CC0166 /* RZBErrors.m */; };
		AB45C4CF1B6BF88B00CC0166 /* RZBCentralManager.m in Sources */ = {isa = PBXBuildFile; fileRef = AB45C4C71B6BF88B00CC0166 /* RZBCentralManager.m */; };
		AB45C4DD1B6BF8AB00CC0166 /* RZBCentralManagerCallbackTests.m in Sources */ = {isa = PBXBuildFile; fileRef = AB45C4D01B6BF8AB00CC0166 /* RZBCentralManagerCallbackTests.m */; };
		AB45C4DE1B6BF8AB00CC0166 /* RZBMockCentralTestCase.m in Sources */ = {isa = PBXBuildFile; fileRef = AB45C4D11B6BF8AB00CC0166 /* RZBMockCentralTestCase.m */; };
		AB45C4DF1B6BF8AB00CC0166 /* XCTestCase+Helpers.m in Sources */ = {isa = PBXBuildFile; fileRef = AB45C4D31B6BF8AB00CC0166 /* XCTestCase+Helpers.m */; };
		AB45C4E01B6BF8AB00CC0166 /* RZBCommandTests.m in Sources */ = {isa = PBXBuildFile; fileRef = AB45C4D41B6BF8AB00CC0166 /* RZBCommandTests.m */; };
		AB45C4E11B6BF8AB00CC0166 /* RZBUUIDPathTests.m in Sources */ = {isa = PBXBuildFile; fileRef = AB45C4D51B6BF8AB00CC0166 /* RZBUUIDPathTests.m */; };
		AB45C4E21B6BF8AB00CC0166 /* RZBCommandDispatchTests.m in Sources */ = {isa = PBXBuildFile; fileRef = AB45C4D71B6BF8AB00CC0166 /* RZBCommandDispatchTests.m */; };
		AB45C4E41B6BF8AB00CC0166 /* RZTestCommands.m in Sources */ = {isa = PBXBuildFile; fileRef = AB45C4DC1B6BF8AB00CC0166 /* RZTestCommands.m */; };
		AB45C53E1B6C064F00CC0166 /* NSError+RZBMock.m in Sources */ = {isa = PBXBuildFile; fileRef = AB45C4EC1B6BF8BA00CC0166 /* NSError+RZBMock.m */; };
		AB45C5441B6C065400CC0166 /* libRZMockBluetooth.a in Frameworks */ = {isa = PBXBuildFile; fileRef = AB45C5051B6BF8D300CC0166 /* libRZMockBluetooth.a */; };
		AB45C5471B6C09FD00CC0166 /* RZBInvocationLog.m in Sources */ = {isa = PBXBuildFile; fileRef = AB45C5461B6C09FD00CC0166 /* RZBInvocationLog.m */; };
		AB45C5511B70F8D800CC0166 /* CBService+RZBExtension.m in Sources */ = {isa = PBXBuildFile; fileRef = AB45C5501B70F8D800CC0166 /* CBService+RZBExtension.m */; };
		AB4A45101CA223B200C82703 /* RZBPeripheral.m in Sources */ = {isa = PBXBuildFile; fileRef = AB4A450F1CA223B200C82703 /* RZBPeripheral.m */; };
		AB4A45141CA22AE300C82703 /* RZBCentralManager+CommandHelper.m in Sources */ = {isa = PBXBuildFile; fileRef = AB4A45131CA22AE300C82703 /* RZBCentralManager+CommandHelper.m */; };
		AB9BCBB31CC45F62001A9BA2 /* RZBEnableMock.m in Sources */ = {isa = PBXBuildFile; fileRef = AB9BCBB21CC45F62001A9BA2 /* RZBEnableMock.m */; };
		AB9BCBB61CC51C6C001A9BA2 /* CBUUID+TestUUIDs.m in Sources */ = {isa = PBXBuildFile; fileRef = AB9BCBB51CC51C6C001A9BA2 /* CBUUID+TestUUIDs.m */; };
		ABA4827C1C18B44400709F8F /* RZBLog.m in Sources */ = {isa = PBXBuildFile; fileRef = ABA4827B1C18B44400709F8F /* RZBLog.m */; };
		ABCD83781B71D1F900DA1162 /* RZBMockCentralManager.m in Sources */ = {isa = PBXBuildFile; fileRef = ABCD83731B71D1F900DA1162 /* RZBMockCentralManager.m */; };
		ABCD83791B71D1F900DA1162 /* RZBMockPeripheral.m in Sources */ = {isa = PBXBuildFile; fileRef = ABCD83751B71D1F900DA1162 /* RZBMockPeripheral.m */; };
		ABCD837A1B71D1F900DA1162 /* RZBMockPeripheralManager.m in Sources */ = {isa = PBXBuildFile; fileRef = ABCD83771B71D1F900DA1162 /* RZBMockPeripheralManager.m */; };
		ABCD837D1B726C2D00DA1162 /* NSRunLoop+RZBWaitFor.m in Sources */ = {isa = PBXBuildFile; fileRef = ABCD837C1B726C2D00DA1162 /* NSRunLoop+RZBWaitFor.m */; };
		ABCD83801B73D77C00DA1162 /* RZBPeripheral+RZBBattery.m in Sources */ = {isa = PBXBuildFile; fileRef = ABCD837F1B73D77C00DA1162 /* RZBPeripheral+RZBBattery.m */; };
		ABCD83821B73DD2600DA1162 /* RZBSimulatedTests.m in Sources */ = {isa = PBXBuildFile; fileRef = ABCD83811B73DD2600DA1162 /* RZBSimulatedTests.m */; };
		ABCD83841B73DE5D00DA1162 /* RZBProfileBatteryTests.m in Sources */ = {isa = PBXBuildFile; fileRef = ABCD83831B73DE5D00DA1162 /* RZBProfileBatteryTests.m */; };
		ABCD83AE1B7ACF9E00DA1162 /* RZBSimulatedDevice+RZBBatteryLevel.m in Sources */ = {isa = PBXBuildFile; fileRef = ABCD83AD1B7ACF9E00DA1162 /* RZBSimulatedDevice+RZBBatteryLevel.m */; };
		ABCF15081C04D443002DA9BE /* RZBPeripheralManagerTests.m in Sources */ = {isa = PBXBuildFile; fileRef = ABCF15071C04D443002DA9BE /* RZBPeripheralManagerTests.m */; };
		ABEA8FC21BF2740200543BC3 /* RZBUserInteraction.m in Sources */ = {isa = PBXBuildFile; fileRef = ABEA8FC11BF2740200543BC3 /* RZBUserInteraction.m */; };
		ABEA8FC41BF28D6A00543BC3 /* RZBUserInteractionTests.m in Sources */ = {isa = PBXBuildFile; fileRef = ABEA8FC31BF28D6A00543BC3 /* RZBUserInteractionTests.m */; };
		C97369A5221B555E003844D5 /* RZBCentralManager.h in CopyFiles */ = {isa = PBXBuildFile; fileRef = AB45C4C61B6BF88B00CC0166 /* RZBCentralManager.h */; };
		C97369A6221B555E003844D5 /* RZBCentralManager+Private.h in CopyFiles */ = {isa = PBXBuildFile; fileRef = AB45C4C51B6BF88B00CC0166 /* RZBCentralManager+Private.h */; };
		C97369A7221B555E003844D5 /* RZBCentralManager+CommandHelper.h in CopyFiles */ = {isa = PBXBuildFile; fileRef = AB4A45121CA22AE300C82703 /* RZBCentralManager+CommandHelper.h */; };
		C97369A8221B555E003844D5 /* RZBPeripheral.h in CopyFiles */ = {isa = PBXBuildFile; fileRef = AB4A450E1CA223B200C82703 /* RZBPeripheral.h */; };
		C97369A9221B555E003844D5 /* RZBPeripheral+Private.h in CopyFiles */ = {isa = PBXBuildFile; fileRef = AB4A45111CA224D500C82703 /* RZBPeripheral+Private.h */; };
		C97369AA221B555E003844D5 /* RZBPeripheralStateEvent.h in CopyFiles */ = {isa = PBXBuildFile; fileRef = ABD0C5861CB7ECF50058ACB7 /* RZBPeripheralStateEvent.h */; };
		C97369AB221B555E003844D5 /* CBService+RZBExtension.h in CopyFiles */ = {isa = PBXBuildFile; fileRef = AB45C54F1B70F8D800CC0166 /* CBService+RZBExtension.h */; };
		C97369AC221B555E003844D5 /* RZBUserInteraction.h in CopyFiles */ = {isa = PBXBuildFile; fileRef = ABEA8FC01BF2740200543BC3 /* RZBUserInteraction.h */; };
		C97369AD221B555E003844D5 /* RZBDefines.h in CopyFiles */ = {isa = PBXBuildFile; fileRef = AB45C4C01B6BF88B00CC0166 /* RZBDefines.h */; };
		C97369AE221B555E003844D5 /* RZBBluetoothRepresentable.h in CopyFiles */ = {isa = PBXBuildFile; fileRef = ABE73B5D1C693294003620E0 /* RZBBluetoothRepresentable.h */; };
		C97369AF221B555E003844D5 /* RZBScanInfo.h in CopyFiles */ = {isa = PBXBuildFile; fileRef = AB14AF011CA59CDA00D1436D /* RZBScanInfo.h */; };
		C97369B0221B555E003844D5 /* RZBErrors.h in CopyFiles */ = {isa = PBXBuildFile; fileRef = AB45C4C11B6BF88B00CC0166 /* RZBErrors.h */; };
		C97369B1221B555E003844D5 /* RZBLog.h in CopyFiles */ = {isa = PBXBuildFile; fileRef = ABA4827A1C18B44400709F8F /* RZBLog.h */; };
		C97369B2221B555E003844D5 /* RZBLog+Private.h in CopyFiles */ = {isa = PBXBuildFile; fileRef = ABA4827D1C18B60500709F8F /* RZBLog+Private.h */; };
		C97369B3221B555E003844D5 /* RZBCommand.h in CopyFiles */ = {isa = PBXBuildFile; fileRef = AB45C4B91B6BF88B00CC0166 /* RZBCommand.h */; };
		C97369B4221B555E003844D5 /* RZBCommandDispatch.h in CopyFiles */ = {isa = PBXBuildFile; fileRef = AB45C4BB1B6BF88B00CC0166 /* RZBCommandDispatch.h */; };
		C97369B5221B555E003844D5 /* RZBUUIDPath.h in CopyFiles */ = {isa = PBXBuildFile; fileRef = AB45C4BD1B6BF88B00CC0166 /* RZBUUIDPath.h */; };
		C97369B6221B555E003844D5 /* CBUUID+RZBPublic.h in CopyFiles */ = {isa = PBXBuildFile; fileRef = AB0E299E1B7E2CE200A1ADA9 /* CBUUID+RZBPublic.h */; };
		C97369B7221B555E003844D5 /* RZBDeviceInfo.h in CopyFiles */ = {isa = PBXBuildFile; fileRef = AB4135FA1B71AB91002F450F /* RZBDeviceInfo.h */; };
		C97369B8221B555E003844D5 /* RZBHeartRateMeasurement.h in CopyFiles */ = {isa = PBXBuildFile; fileRef = AB0E29A11B7E2D3F00A1ADA9 /* RZBHeartRateMeasurement.h */; };
		C97369B9221B555E003844D5 /* RZBPeripheral+RZBBattery.h in CopyFiles */ = {isa = PBXBuildFile; fileRef = ABCD837E1B73D77C00DA1162 /* RZBPeripheral+RZBBattery.h */; };
		C97369BA221B555E003844D5 /* RZBPeripheral+RZBHeartRate.h in CopyFiles */ = {isa = PBXBuildFile; fileRef = AB0E299B1B7E19E100A1ADA9 /* RZBPeripheral+RZBHeartRate.h */; };
		C97369BB221B5575003844D5 /* RZBEnableMock.h in CopyFiles */ = {isa = PBXBuildFile; fileRef = AB9BCBB11CC45F62001A9BA2 /* RZBEnableMock.h */; };
		C97369BC221B5575003844D5 /* RZBMockCentralManager.h in CopyFiles */ = {isa = PBXBuildFile; fileRef = ABCD83721B71D1F900DA1162 /* RZBMockCentralManager.h */; };
		C97369BD221B5575003844D5 /* RZBMockPeripheral.h in CopyFiles */ = {isa = PBXBuildFile; fileRef = ABCD83741B71D1F900DA1162 /* RZBMockPeripheral.h */; };
		C97369BE221B5575003844D5 /* RZBMockPeripheralManager.h in CopyFiles */ = {isa = PBXBuildFile; fileRef = ABCD83761B71D1F900DA1162 /* RZBMockPeripheralManager.h */; };
		C97369BF221B5575003844D5 /* RZBSimulatedDevice.h in CopyFiles */ = {isa = PBXBuildFile; fileRef = AB4136051B71BE40002F450F /* RZBSimulatedDevice.h */; };
		C97369C0221B5575003844D5 /* RZBSimulatedDevice+RZBBatteryLevel.h in CopyFiles */ = {isa = PBXBuildFile; fileRef = ABCD83AC1B7ACF9E00DA1162 /* RZBSimulatedDevice+RZBBatteryLevel.h */; };
		C97369C1221B5575003844D5 /* RZBSimulatedConnection.h in CopyFiles */ = {isa = PBXBuildFile; fileRef = AB4135EB1B718C94002F450F /* RZBSimulatedConnection.h */; };
		C97369C2221B5575003844D5 /* RZBSimulatedConnection+Private.h in CopyFiles */ = {isa = PBXBuildFile; fileRef = ABE73B5C1C6928E6003620E0 /* RZBSimulatedConnection+Private.h */; };
		C97369C3221B5575003844D5 /* RZBSimulatedCentral.h in CopyFiles */ = {isa = PBXBuildFile; fileRef = AB4135E91B718C94002F450F /* RZBSimulatedCentral.h */; };
		C97369C4221B5575003844D5 /* RZBSimulatedCallback.h in CopyFiles */ = {isa = PBXBuildFile; fileRef = AB4135E71B718C94002F450F /* RZBSimulatedCallback.h */; };
		C97369C5221B5575003844D5 /* NSError+RZBMock.h in CopyFiles */ = {isa = PBXBuildFile; fileRef = AB45C4EB1B6BF8BA00CC0166 /* NSError+RZBMock.h */; };
		C97369CB221B5A24003844D5 /* RZMockBluetooth.h in CopyFiles */ = {isa = PBXBuildFile; fileRef = AB45C5071B6BF8D300CC0166 /* RZMockBluetooth.h */; };
		C97369CC221B5A38003844D5 /* RZBluetooth.h in CopyFiles */ = {isa = PBXBuildFile; fileRef = AB45C4C31B6BF88B00CC0166 /* RZBluetooth.h */; };
		C97369CD221B5D4C003844D5 /* SwiftTestCase.swift in Sources */ = {isa = PBXBuildFile; fileRef = AB14AF111CA5D42F00D1436D /* SwiftTestCase.swift */; };
		C97369CE221B5D4E003844D5 /* SwiftExampleTest.swift in Sources */ = {isa = PBXBuildFile; fileRef = AB14AF1A1CA5DE9A00D1436D /* SwiftExampleTest.swift */; };
		D59C33A720101CC40056401E /* RZBUserInteraction.m in Sources */ = {isa = PBXBuildFile; fileRef = ABEA8FC11BF2740200543BC3 /* RZBUserInteraction.m */; };
		D59C33A820101CC40056401E /* RZBDeviceInfo.m in Sources */ = {isa = PBXBuildFile; fileRef = AB4135FB1B71AB91002F450F /* RZBDeviceInfo.m */; };
		D59C33A920101CC40056401E /* RZBCommand.m in Sources */ = {isa = PBXBuildFile; fileRef = AB45C4BA1B6BF88B00CC0166 /* RZBCommand.m */; };
		D59C33AA20101CC40056401E /* RZBUUIDPath.m in Sources */ = {isa = PBXBuildFile; fileRef = AB45C4BE1B6BF88B00CC0166 /* RZBUUIDPath.m */; };
		D59C33AB20101CC40056401E /* RZBCentralManager.m in Sources */ = {isa = PBXBuildFile; fileRef = AB45C4C71B6BF88B00CC0166 /* RZBCentralManager.m */; };
		D59C33AC20101CC40056401E /* CBUUID+RZBPublic.m in Sources */ = {isa = PBXBuildFile; fileRef = AB0E299F1B7E2CE200A1ADA9 /* CBUUID+RZBPublic.m */; };
		D59C33AD20101CC40056401E /* RZBErrors.m in Sources */ = {isa = PBXBuildFile; fileRef = AB45C4C21B6BF88B00CC0166 /* RZBErrors.m */; };
		D59C33AE20101CC40056401E /* RZBScanInfo.m in Sources */ = {isa = PBXBuildFile; fileRef = AB14AF021CA59CDA00D1436D /* RZBScanInfo.m */; };
		D59C33AF20101CC40056401E /* RZBCentralManager+CommandHelper.m in Sources */ = {isa = PBXBuildFile; fileRef = AB4A45131CA22AE300C82703 /* RZBCentralManager+CommandHelper.m */; };
		D59C33B020101CC40056401E /* RZBLog.m in Sources */ = {isa = PBXBuildFile; fileRef = ABA4827B1C18B44400709F8F /* RZBLog.m */; };
		D59C33B120101CC40056401E /* RZBHeartRateMeasurement.m in Sources */ = {isa = PBXBuildFile; fileRef = AB0E29A21B7E2D3F00A1ADA9 /* RZBHeartRateMeasurement.m */; };
		D59C33B220101CC40056401E /* RZBPeripheral+RZBBattery.m in Sources */ = {isa = PBXBuildFile; fileRef = ABCD837F1B73D77C00DA1162 /* RZBPeripheral+RZBBattery.m */; };
		D59C33B320101CC40056401E /* RZBPeripheral+RZBHeartRate.m in Sources */ = {isa = PBXBuildFile; fileRef = AB0E299C1B7E19E100A1ADA9 /* RZBPeripheral+RZBHeartRate.m */; };
		D59C33B420101CC40056401E /* RZBPeripheral.m in Sources */ = {isa = PBXBuildFile; fileRef = AB4A450F1CA223B200C82703 /* RZBPeripheral.m */; };
		D59C33B520101CC40056401E /* RZBCommandDispatch.m in Sources */ = {isa = PBXBuildFile; fileRef = AB45C4BC1B6BF88B00CC0166 /* RZBCommandDispatch.m */; };
		D59C33B620101CC40056401E /* CBService+RZBExtension.m in Sources */ = {isa = PBXBuildFile; fileRef = AB45C5501B70F8D800CC0166 /* CBService+RZBExtension.m */; };
/* End PBXBuildFile section */

/* Begin PBXContainerItemProxy section */
		C97369C6221B590C003844D5 /* PBXContainerItemProxy */ = {
			isa = PBXContainerItemProxy;
			containerPortal = AB45C4911B6BF70B00CC0166 /* Project object */;
			proxyType = 1;
			remoteGlobalIDString = AB45C4981B6BF70B00CC0166;
			remoteInfo = RZBluetooth;
		};
		C97369C8221B590C003844D5 /* PBXContainerItemProxy */ = {
			isa = PBXContainerItemProxy;
			containerPortal = AB45C4911B6BF70B00CC0166 /* Project object */;
			proxyType = 1;
			remoteGlobalIDString = AB45C5041B6BF8D300CC0166;
			remoteInfo = RZMockBluetooth;
		};
/* End PBXContainerItemProxy section */

/* Begin PBXCopyFilesBuildPhase section */
		15930BD61D1C2032009C269C /* CopyFiles */ = {
			isa = PBXCopyFilesBuildPhase;
			buildActionMask = 2147483647;
			dstPath = "include/$(PRODUCT_NAME)";
			dstSubfolderSpec = 16;
			files = (
			);
			runOnlyForDeploymentPostprocessing = 0;
		};
		AB45C4971B6BF70B00CC0166 /* CopyFiles */ = {
			isa = PBXCopyFilesBuildPhase;
			buildActionMask = 12;
			dstPath = "include/$(PRODUCT_NAME)";
			dstSubfolderSpec = 16;
			files = (
				C97369CC221B5A38003844D5 /* RZBluetooth.h in CopyFiles */,
				C97369A5221B555E003844D5 /* RZBCentralManager.h in CopyFiles */,
				C97369A6221B555E003844D5 /* RZBCentralManager+Private.h in CopyFiles */,
				C97369A7221B555E003844D5 /* RZBCentralManager+CommandHelper.h in CopyFiles */,
				C97369A8221B555E003844D5 /* RZBPeripheral.h in CopyFiles */,
				C97369A9221B555E003844D5 /* RZBPeripheral+Private.h in CopyFiles */,
				C97369AA221B555E003844D5 /* RZBPeripheralStateEvent.h in CopyFiles */,
				C97369AB221B555E003844D5 /* CBService+RZBExtension.h in CopyFiles */,
				C97369AC221B555E003844D5 /* RZBUserInteraction.h in CopyFiles */,
				C97369AD221B555E003844D5 /* RZBDefines.h in CopyFiles */,
				C97369AE221B555E003844D5 /* RZBBluetoothRepresentable.h in CopyFiles */,
				C97369AF221B555E003844D5 /* RZBScanInfo.h in CopyFiles */,
				C97369B0221B555E003844D5 /* RZBErrors.h in CopyFiles */,
				C97369B1221B555E003844D5 /* RZBLog.h in CopyFiles */,
				C97369B2221B555E003844D5 /* RZBLog+Private.h in CopyFiles */,
				C97369B3221B555E003844D5 /* RZBCommand.h in CopyFiles */,
				C97369B4221B555E003844D5 /* RZBCommandDispatch.h in CopyFiles */,
				C97369B5221B555E003844D5 /* RZBUUIDPath.h in CopyFiles */,
				C97369B6221B555E003844D5 /* CBUUID+RZBPublic.h in CopyFiles */,
				C97369B7221B555E003844D5 /* RZBDeviceInfo.h in CopyFiles */,
				C97369B8221B555E003844D5 /* RZBHeartRateMeasurement.h in CopyFiles */,
				C97369B9221B555E003844D5 /* RZBPeripheral+RZBBattery.h in CopyFiles */,
				C97369BA221B555E003844D5 /* RZBPeripheral+RZBHeartRate.h in CopyFiles */,
			);
			runOnlyForDeploymentPostprocessing = 0;
		};
		AB45C5031B6BF8D300CC0166 /* CopyFiles */ = {
			isa = PBXCopyFilesBuildPhase;
			buildActionMask = 12;
			dstPath = include/RZBluetooth;
			dstSubfolderSpec = 16;
			files = (
				C97369CB221B5A24003844D5 /* RZMockBluetooth.h in CopyFiles */,
				C97369BB221B5575003844D5 /* RZBEnableMock.h in CopyFiles */,
				C97369BC221B5575003844D5 /* RZBMockCentralManager.h in CopyFiles */,
				C97369BD221B5575003844D5 /* RZBMockPeripheral.h in CopyFiles */,
				C97369BE221B5575003844D5 /* RZBMockPeripheralManager.h in CopyFiles */,
				C97369BF221B5575003844D5 /* RZBSimulatedDevice.h in CopyFiles */,
				C97369C0221B5575003844D5 /* RZBSimulatedDevice+RZBBatteryLevel.h in CopyFiles */,
				C97369C1221B5575003844D5 /* RZBSimulatedConnection.h in CopyFiles */,
				C97369C2221B5575003844D5 /* RZBSimulatedConnection+Private.h in CopyFiles */,
				C97369C3221B5575003844D5 /* RZBSimulatedCentral.h in CopyFiles */,
				C97369C4221B5575003844D5 /* RZBSimulatedCallback.h in CopyFiles */,
				C97369C5221B5575003844D5 /* NSError+RZBMock.h in CopyFiles */,
			);
			runOnlyForDeploymentPostprocessing = 0;
		};
		D59C33B820101CC40056401E /* CopyFiles */ = {
			isa = PBXCopyFilesBuildPhase;
			buildActionMask = 2147483647;
			dstPath = "include/$(PRODUCT_NAME)";
			dstSubfolderSpec = 16;
			files = (
			);
			runOnlyForDeploymentPostprocessing = 0;
		};
		D59C33B820101CC40056401E /* CopyFiles */ = {
			isa = PBXCopyFilesBuildPhase;
			buildActionMask = 2147483647;
			dstPath = "include/$(PRODUCT_NAME)";
			dstSubfolderSpec = 16;
			files = (
			);
			runOnlyForDeploymentPostprocessing = 0;
		};
/* End PBXCopyFilesBuildPhase section */

/* Begin PBXFileReference section */
		0F659177213734F100A3122A /* RZBluetoothTest.podspec */ = {isa = PBXFileReference; lastKnownFileType = text; path = RZBluetoothTest.podspec; sourceTree = "<group>"; };
		15930BDA1D1C2032009C269C /* libRZBluetooth-OSX.a */ = {isa = PBXFileReference; explicitFileType = archive.ar; includeInIndex = 0; path = "libRZBluetooth-OSX.a"; sourceTree = BUILT_PRODUCTS_DIR; };
		AB056E461CBBD55E00145E87 /* RZBSimulationObjectTests.m */ = {isa = PBXFileReference; fileEncoding = 4; lastKnownFileType = sourcecode.c.objc; path = RZBSimulationObjectTests.m; sourceTree = "<group>"; };
		AB0E299B1B7E19E100A1ADA9 /* RZBPeripheral+RZBHeartRate.h */ = {isa = PBXFileReference; fileEncoding = 4; lastKnownFileType = sourcecode.c.h; path = "RZBPeripheral+RZBHeartRate.h"; sourceTree = "<group>"; };
		AB0E299C1B7E19E100A1ADA9 /* RZBPeripheral+RZBHeartRate.m */ = {isa = PBXFileReference; fileEncoding = 4; lastKnownFileType = sourcecode.c.objc; path = "RZBPeripheral+RZBHeartRate.m"; sourceTree = "<group>"; };
		AB0E299E1B7E2CE200A1ADA9 /* CBUUID+RZBPublic.h */ = {isa = PBXFileReference; fileEncoding = 4; lastKnownFileType = sourcecode.c.h; path = "CBUUID+RZBPublic.h"; sourceTree = "<group>"; };
		AB0E299F1B7E2CE200A1ADA9 /* CBUUID+RZBPublic.m */ = {isa = PBXFileReference; fileEncoding = 4; lastKnownFileType = sourcecode.c.objc; path = "CBUUID+RZBPublic.m"; sourceTree = "<group>"; };
		AB0E29A11B7E2D3F00A1ADA9 /* RZBHeartRateMeasurement.h */ = {isa = PBXFileReference; fileEncoding = 4; lastKnownFileType = sourcecode.c.h; path = RZBHeartRateMeasurement.h; sourceTree = "<group>"; };
		AB0E29A21B7E2D3F00A1ADA9 /* RZBHeartRateMeasurement.m */ = {isa = PBXFileReference; fileEncoding = 4; lastKnownFileType = sourcecode.c.objc; path = RZBHeartRateMeasurement.m; sourceTree = "<group>"; };
		AB14AF011CA59CDA00D1436D /* RZBScanInfo.h */ = {isa = PBXFileReference; fileEncoding = 4; lastKnownFileType = sourcecode.c.h; path = RZBScanInfo.h; sourceTree = "<group>"; };
		AB14AF021CA59CDA00D1436D /* RZBScanInfo.m */ = {isa = PBXFileReference; fileEncoding = 4; lastKnownFileType = sourcecode.c.objc; path = RZBScanInfo.m; sourceTree = "<group>"; };
		AB14AF101CA5D42F00D1436D /* RZBluetoothTests-Bridging-Header.h */ = {isa = PBXFileReference; lastKnownFileType = sourcecode.c.h; path = "RZBluetoothTests-Bridging-Header.h"; sourceTree = "<group>"; };
		AB14AF111CA5D42F00D1436D /* SwiftTestCase.swift */ = {isa = PBXFileReference; fileEncoding = 4; lastKnownFileType = sourcecode.swift; path = SwiftTestCase.swift; sourceTree = "<group>"; };
		AB14AF141CA5DBE500D1436D /* PacketPeripheral.swift */ = {isa = PBXFileReference; fileEncoding = 4; lastKnownFileType = sourcecode.swift; path = PacketPeripheral.swift; sourceTree = "<group>"; };
		AB14AF161CA5DC0300D1436D /* SimulatedPacketDevice.swift */ = {isa = PBXFileReference; fileEncoding = 4; lastKnownFileType = sourcecode.swift; path = SimulatedPacketDevice.swift; sourceTree = "<group>"; };
		AB14AF181CA5DC2000D1436D /* Packet.swift */ = {isa = PBXFileReference; fileEncoding = 4; lastKnownFileType = sourcecode.swift; path = Packet.swift; sourceTree = "<group>"; };
		AB14AF1A1CA5DE9A00D1436D /* SwiftExampleTest.swift */ = {isa = PBXFileReference; fileEncoding = 4; lastKnownFileType = sourcecode.swift; path = SwiftExampleTest.swift; sourceTree = "<group>"; };
		AB14AF1C1CA5DF1800D1436D /* PacketUUID.swift */ = {isa = PBXFileReference; fileEncoding = 4; lastKnownFileType = sourcecode.swift; path = PacketUUID.swift; sourceTree = "<group>"; };
		AB4135E71B718C94002F450F /* RZBSimulatedCallback.h */ = {isa = PBXFileReference; fileEncoding = 4; lastKnownFileType = sourcecode.c.h; path = RZBSimulatedCallback.h; sourceTree = "<group>"; };
		AB4135E81B718C94002F450F /* RZBSimulatedCallback.m */ = {isa = PBXFileReference; fileEncoding = 4; lastKnownFileType = sourcecode.c.objc; path = RZBSimulatedCallback.m; sourceTree = "<group>"; };
		AB4135E91B718C94002F450F /* RZBSimulatedCentral.h */ = {isa = PBXFileReference; fileEncoding = 4; lastKnownFileType = sourcecode.c.h; path = RZBSimulatedCentral.h; sourceTree = "<group>"; };
		AB4135EA1B718C94002F450F /* RZBSimulatedCentral.m */ = {isa = PBXFileReference; fileEncoding = 4; lastKnownFileType = sourcecode.c.objc; path = RZBSimulatedCentral.m; sourceTree = "<group>"; };
		AB4135EB1B718C94002F450F /* RZBSimulatedConnection.h */ = {isa = PBXFileReference; fileEncoding = 4; lastKnownFileType = sourcecode.c.h; path = RZBSimulatedConnection.h; sourceTree = "<group>"; };
		AB4135EC1B718C94002F450F /* RZBSimulatedConnection.m */ = {isa = PBXFileReference; fileEncoding = 4; lastKnownFileType = sourcecode.c.objc; path = RZBSimulatedConnection.m; sourceTree = "<group>"; };
		AB4135FA1B71AB91002F450F /* RZBDeviceInfo.h */ = {isa = PBXFileReference; fileEncoding = 4; lastKnownFileType = sourcecode.c.h; path = RZBDeviceInfo.h; sourceTree = "<group>"; };
		AB4135FB1B71AB91002F450F /* RZBDeviceInfo.m */ = {isa = PBXFileReference; fileEncoding = 4; lastKnownFileType = sourcecode.c.objc; path = RZBDeviceInfo.m; sourceTree = "<group>"; };
		AB4136001B71BAE3002F450F /* RZBSimulatedTestCase.h */ = {isa = PBXFileReference; fileEncoding = 4; lastKnownFileType = sourcecode.c.h; path = RZBSimulatedTestCase.h; sourceTree = "<group>"; };
		AB4136011B71BAE3002F450F /* RZBSimulatedTestCase.m */ = {isa = PBXFileReference; fileEncoding = 4; lastKnownFileType = sourcecode.c.objc; path = RZBSimulatedTestCase.m; sourceTree = "<group>"; };
		AB4136031B71BC3D002F450F /* RZBProfileDeviceInfoTests.m */ = {isa = PBXFileReference; fileEncoding = 4; lastKnownFileType = sourcecode.c.objc; path = RZBProfileDeviceInfoTests.m; sourceTree = "<group>"; };
		AB4136051B71BE40002F450F /* RZBSimulatedDevice.h */ = {isa = PBXFileReference; fileEncoding = 4; lastKnownFileType = sourcecode.c.h; path = RZBSimulatedDevice.h; sourceTree = "<group>"; };
		AB4136061B71BE40002F450F /* RZBSimulatedDevice.m */ = {isa = PBXFileReference; fileEncoding = 4; lastKnownFileType = sourcecode.c.objc; path = RZBSimulatedDevice.m; sourceTree = "<group>"; };
		AB45C4991B6BF70B00CC0166 /* libRZBluetooth.a */ = {isa = PBXFileReference; explicitFileType = archive.ar; includeInIndex = 0; path = libRZBluetooth.a; sourceTree = BUILT_PRODUCTS_DIR; };
		AB45C4A41B6BF70B00CC0166 /* RZBluetoothTests.xctest */ = {isa = PBXFileReference; explicitFileType = wrapper.cfbundle; includeInIndex = 0; path = RZBluetoothTests.xctest; sourceTree = BUILT_PRODUCTS_DIR; };
		AB45C4AA1B6BF70B00CC0166 /* Info.plist */ = {isa = PBXFileReference; lastKnownFileType = text.plist.xml; path = Info.plist; sourceTree = "<group>"; };
		AB45C4B91B6BF88B00CC0166 /* RZBCommand.h */ = {isa = PBXFileReference; fileEncoding = 4; lastKnownFileType = sourcecode.c.h; path = RZBCommand.h; sourceTree = "<group>"; };
		AB45C4BA1B6BF88B00CC0166 /* RZBCommand.m */ = {isa = PBXFileReference; fileEncoding = 4; lastKnownFileType = sourcecode.c.objc; path = RZBCommand.m; sourceTree = "<group>"; };
		AB45C4BB1B6BF88B00CC0166 /* RZBCommandDispatch.h */ = {isa = PBXFileReference; fileEncoding = 4; lastKnownFileType = sourcecode.c.h; path = RZBCommandDispatch.h; sourceTree = "<group>"; };
		AB45C4BC1B6BF88B00CC0166 /* RZBCommandDispatch.m */ = {isa = PBXFileReference; fileEncoding = 4; lastKnownFileType = sourcecode.c.objc; path = RZBCommandDispatch.m; sourceTree = "<group>"; };
		AB45C4BD1B6BF88B00CC0166 /* RZBUUIDPath.h */ = {isa = PBXFileReference; fileEncoding = 4; lastKnownFileType = sourcecode.c.h; path = RZBUUIDPath.h; sourceTree = "<group>"; };
		AB45C4BE1B6BF88B00CC0166 /* RZBUUIDPath.m */ = {isa = PBXFileReference; fileEncoding = 4; lastKnownFileType = sourcecode.c.objc; path = RZBUUIDPath.m; sourceTree = "<group>"; };
		AB45C4C01B6BF88B00CC0166 /* RZBDefines.h */ = {isa = PBXFileReference; fileEncoding = 4; lastKnownFileType = sourcecode.c.h; path = RZBDefines.h; sourceTree = "<group>"; };
		AB45C4C11B6BF88B00CC0166 /* RZBErrors.h */ = {isa = PBXFileReference; fileEncoding = 4; lastKnownFileType = sourcecode.c.h; path = RZBErrors.h; sourceTree = "<group>"; };
		AB45C4C21B6BF88B00CC0166 /* RZBErrors.m */ = {isa = PBXFileReference; fileEncoding = 4; lastKnownFileType = sourcecode.c.objc; path = RZBErrors.m; sourceTree = "<group>"; };
		AB45C4C31B6BF88B00CC0166 /* RZBluetooth.h */ = {isa = PBXFileReference; fileEncoding = 4; lastKnownFileType = sourcecode.c.h; path = RZBluetooth.h; sourceTree = "<group>"; };
		AB45C4C51B6BF88B00CC0166 /* RZBCentralManager+Private.h */ = {isa = PBXFileReference; fileEncoding = 4; lastKnownFileType = sourcecode.c.h; path = "RZBCentralManager+Private.h"; sourceTree = "<group>"; };
		AB45C4C61B6BF88B00CC0166 /* RZBCentralManager.h */ = {isa = PBXFileReference; fileEncoding = 4; lastKnownFileType = sourcecode.c.h; path = RZBCentralManager.h; sourceTree = "<group>"; };
		AB45C4C71B6BF88B00CC0166 /* RZBCentralManager.m */ = {isa = PBXFileReference; fileEncoding = 4; lastKnownFileType = sourcecode.c.objc; path = RZBCentralManager.m; sourceTree = "<group>"; };
		AB45C4D01B6BF8AB00CC0166 /* RZBCentralManagerCallbackTests.m */ = {isa = PBXFileReference; fileEncoding = 4; lastKnownFileType = sourcecode.c.objc; path = RZBCentralManagerCallbackTests.m; sourceTree = "<group>"; };
		AB45C4D11B6BF8AB00CC0166 /* RZBMockCentralTestCase.m */ = {isa = PBXFileReference; fileEncoding = 4; lastKnownFileType = sourcecode.c.objc; path = RZBMockCentralTestCase.m; sourceTree = "<group>"; };
		AB45C4D21B6BF8AB00CC0166 /* RZBMockCentralTestCase.h */ = {isa = PBXFileReference; fileEncoding = 4; lastKnownFileType = sourcecode.c.h; path = RZBMockCentralTestCase.h; sourceTree = "<group>"; };
		AB45C4D31B6BF8AB00CC0166 /* XCTestCase+Helpers.m */ = {isa = PBXFileReference; fileEncoding = 4; lastKnownFileType = sourcecode.c.objc; name = "XCTestCase+Helpers.m"; path = "../XCTestCase+Helpers.m"; sourceTree = "<group>"; };
		AB45C4D41B6BF8AB00CC0166 /* RZBCommandTests.m */ = {isa = PBXFileReference; fileEncoding = 4; lastKnownFileType = sourcecode.c.objc; path = RZBCommandTests.m; sourceTree = "<group>"; };
		AB45C4D51B6BF8AB00CC0166 /* RZBUUIDPathTests.m */ = {isa = PBXFileReference; fileEncoding = 4; lastKnownFileType = sourcecode.c.objc; path = RZBUUIDPathTests.m; sourceTree = "<group>"; };
		AB45C4D61B6BF8AB00CC0166 /* XCTestCase+Helpers.h */ = {isa = PBXFileReference; fileEncoding = 4; lastKnownFileType = sourcecode.c.h; name = "XCTestCase+Helpers.h"; path = "../XCTestCase+Helpers.h"; sourceTree = "<group>"; };
		AB45C4D71B6BF8AB00CC0166 /* RZBCommandDispatchTests.m */ = {isa = PBXFileReference; fileEncoding = 4; lastKnownFileType = sourcecode.c.objc; path = RZBCommandDispatchTests.m; sourceTree = "<group>"; };
		AB45C4DB1B6BF8AB00CC0166 /* RZTestCommands.h */ = {isa = PBXFileReference; fileEncoding = 4; lastKnownFileType = sourcecode.c.h; path = RZTestCommands.h; sourceTree = "<group>"; };
		AB45C4DC1B6BF8AB00CC0166 /* RZTestCommands.m */ = {isa = PBXFileReference; fileEncoding = 4; lastKnownFileType = sourcecode.c.objc; path = RZTestCommands.m; sourceTree = "<group>"; };
		AB45C4EB1B6BF8BA00CC0166 /* NSError+RZBMock.h */ = {isa = PBXFileReference; fileEncoding = 4; lastKnownFileType = sourcecode.c.h; path = "NSError+RZBMock.h"; sourceTree = "<group>"; };
		AB45C4EC1B6BF8BA00CC0166 /* NSError+RZBMock.m */ = {isa = PBXFileReference; fileEncoding = 4; lastKnownFileType = sourcecode.c.objc; path = "NSError+RZBMock.m"; sourceTree = "<group>"; };
		AB45C5051B6BF8D300CC0166 /* libRZMockBluetooth.a */ = {isa = PBXFileReference; explicitFileType = archive.ar; includeInIndex = 0; path = libRZMockBluetooth.a; sourceTree = BUILT_PRODUCTS_DIR; };
		AB45C5071B6BF8D300CC0166 /* RZMockBluetooth.h */ = {isa = PBXFileReference; lastKnownFileType = sourcecode.c.h; path = RZMockBluetooth.h; sourceTree = "<group>"; };
		AB45C5451B6C09FD00CC0166 /* RZBInvocationLog.h */ = {isa = PBXFileReference; fileEncoding = 4; lastKnownFileType = sourcecode.c.h; path = RZBInvocationLog.h; sourceTree = "<group>"; };
		AB45C5461B6C09FD00CC0166 /* RZBInvocationLog.m */ = {isa = PBXFileReference; fileEncoding = 4; lastKnownFileType = sourcecode.c.objc; path = RZBInvocationLog.m; sourceTree = "<group>"; };
		AB45C5481B6C0B8900CC0166 /* README.md */ = {isa = PBXFileReference; lastKnownFileType = net.daringfireball.markdown; path = README.md; sourceTree = "<group>"; };
		AB45C54F1B70F8D800CC0166 /* CBService+RZBExtension.h */ = {isa = PBXFileReference; fileEncoding = 4; lastKnownFileType = sourcecode.c.h; path = "CBService+RZBExtension.h"; sourceTree = "<group>"; };
		AB45C5501B70F8D800CC0166 /* CBService+RZBExtension.m */ = {isa = PBXFileReference; fileEncoding = 4; lastKnownFileType = sourcecode.c.objc; path = "CBService+RZBExtension.m"; sourceTree = "<group>"; };
		AB4A450E1CA223B200C82703 /* RZBPeripheral.h */ = {isa = PBXFileReference; fileEncoding = 4; lastKnownFileType = sourcecode.c.h; path = RZBPeripheral.h; sourceTree = "<group>"; };
		AB4A450F1CA223B200C82703 /* RZBPeripheral.m */ = {isa = PBXFileReference; fileEncoding = 4; lastKnownFileType = sourcecode.c.objc; path = RZBPeripheral.m; sourceTree = "<group>"; };
		AB4A45111CA224D500C82703 /* RZBPeripheral+Private.h */ = {isa = PBXFileReference; lastKnownFileType = sourcecode.c.h; path = "RZBPeripheral+Private.h"; sourceTree = "<group>"; };
		AB4A45121CA22AE300C82703 /* RZBCentralManager+CommandHelper.h */ = {isa = PBXFileReference; fileEncoding = 4; lastKnownFileType = sourcecode.c.h; path = "RZBCentralManager+CommandHelper.h"; sourceTree = "<group>"; };
		AB4A45131CA22AE300C82703 /* RZBCentralManager+CommandHelper.m */ = {isa = PBXFileReference; fileEncoding = 4; lastKnownFileType = sourcecode.c.objc; path = "RZBCentralManager+CommandHelper.m"; sourceTree = "<group>"; };
		AB9BCBB11CC45F62001A9BA2 /* RZBEnableMock.h */ = {isa = PBXFileReference; fileEncoding = 4; lastKnownFileType = sourcecode.c.h; path = RZBEnableMock.h; sourceTree = "<group>"; };
		AB9BCBB21CC45F62001A9BA2 /* RZBEnableMock.m */ = {isa = PBXFileReference; fileEncoding = 4; lastKnownFileType = sourcecode.c.objc; path = RZBEnableMock.m; sourceTree = "<group>"; };
		AB9BCBB41CC51C6C001A9BA2 /* CBUUID+TestUUIDs.h */ = {isa = PBXFileReference; fileEncoding = 4; lastKnownFileType = sourcecode.c.h; path = "CBUUID+TestUUIDs.h"; sourceTree = "<group>"; };
		AB9BCBB51CC51C6C001A9BA2 /* CBUUID+TestUUIDs.m */ = {isa = PBXFileReference; fileEncoding = 4; lastKnownFileType = sourcecode.c.objc; path = "CBUUID+TestUUIDs.m"; sourceTree = "<group>"; };
		ABA4827A1C18B44400709F8F /* RZBLog.h */ = {isa = PBXFileReference; fileEncoding = 4; lastKnownFileType = sourcecode.c.h; path = RZBLog.h; sourceTree = "<group>"; };
		ABA4827B1C18B44400709F8F /* RZBLog.m */ = {isa = PBXFileReference; fileEncoding = 4; lastKnownFileType = sourcecode.c.objc; path = RZBLog.m; sourceTree = "<group>"; };
		ABA4827D1C18B60500709F8F /* RZBLog+Private.h */ = {isa = PBXFileReference; fileEncoding = 4; lastKnownFileType = sourcecode.c.h; path = "RZBLog+Private.h"; sourceTree = "<group>"; };
		ABA921461DABF00A00B2D191 /* RZBTestDefines.h */ = {isa = PBXFileReference; lastKnownFileType = sourcecode.c.h; path = RZBTestDefines.h; sourceTree = "<group>"; };
		ABCD83721B71D1F900DA1162 /* RZBMockCentralManager.h */ = {isa = PBXFileReference; fileEncoding = 4; lastKnownFileType = sourcecode.c.h; path = RZBMockCentralManager.h; sourceTree = "<group>"; };
		ABCD83731B71D1F900DA1162 /* RZBMockCentralManager.m */ = {isa = PBXFileReference; fileEncoding = 4; lastKnownFileType = sourcecode.c.objc; path = RZBMockCentralManager.m; sourceTree = "<group>"; };
		ABCD83741B71D1F900DA1162 /* RZBMockPeripheral.h */ = {isa = PBXFileReference; fileEncoding = 4; lastKnownFileType = sourcecode.c.h; path = RZBMockPeripheral.h; sourceTree = "<group>"; };
		ABCD83751B71D1F900DA1162 /* RZBMockPeripheral.m */ = {isa = PBXFileReference; fileEncoding = 4; lastKnownFileType = sourcecode.c.objc; path = RZBMockPeripheral.m; sourceTree = "<group>"; };
		ABCD83761B71D1F900DA1162 /* RZBMockPeripheralManager.h */ = {isa = PBXFileReference; fileEncoding = 4; lastKnownFileType = sourcecode.c.h; path = RZBMockPeripheralManager.h; sourceTree = "<group>"; };
		ABCD83771B71D1F900DA1162 /* RZBMockPeripheralManager.m */ = {isa = PBXFileReference; fileEncoding = 4; lastKnownFileType = sourcecode.c.objc; path = RZBMockPeripheralManager.m; sourceTree = "<group>"; };
		ABCD837B1B726C2D00DA1162 /* NSRunLoop+RZBWaitFor.h */ = {isa = PBXFileReference; fileEncoding = 4; lastKnownFileType = sourcecode.c.h; path = "NSRunLoop+RZBWaitFor.h"; sourceTree = "<group>"; };
		ABCD837C1B726C2D00DA1162 /* NSRunLoop+RZBWaitFor.m */ = {isa = PBXFileReference; fileEncoding = 4; lastKnownFileType = sourcecode.c.objc; path = "NSRunLoop+RZBWaitFor.m"; sourceTree = "<group>"; };
		ABCD837E1B73D77C00DA1162 /* RZBPeripheral+RZBBattery.h */ = {isa = PBXFileReference; fileEncoding = 4; lastKnownFileType = sourcecode.c.h; path = "RZBPeripheral+RZBBattery.h"; sourceTree = "<group>"; };
		ABCD837F1B73D77C00DA1162 /* RZBPeripheral+RZBBattery.m */ = {isa = PBXFileReference; fileEncoding = 4; lastKnownFileType = sourcecode.c.objc; path = "RZBPeripheral+RZBBattery.m"; sourceTree = "<group>"; };
		ABCD83811B73DD2600DA1162 /* RZBSimulatedTests.m */ = {isa = PBXFileReference; fileEncoding = 4; lastKnownFileType = sourcecode.c.objc; path = RZBSimulatedTests.m; sourceTree = "<group>"; };
		ABCD83831B73DE5D00DA1162 /* RZBProfileBatteryTests.m */ = {isa = PBXFileReference; fileEncoding = 4; lastKnownFileType = sourcecode.c.objc; path = RZBProfileBatteryTests.m; sourceTree = "<group>"; };
		ABCD83AB1B7ACD5900DA1162 /* RZBluetooth.podspec */ = {isa = PBXFileReference; lastKnownFileType = text; path = RZBluetooth.podspec; sourceTree = "<group>"; };
		ABCD83AC1B7ACF9E00DA1162 /* RZBSimulatedDevice+RZBBatteryLevel.h */ = {isa = PBXFileReference; fileEncoding = 4; lastKnownFileType = sourcecode.c.h; path = "RZBSimulatedDevice+RZBBatteryLevel.h"; sourceTree = "<group>"; };
		ABCD83AD1B7ACF9E00DA1162 /* RZBSimulatedDevice+RZBBatteryLevel.m */ = {isa = PBXFileReference; fileEncoding = 4; lastKnownFileType = sourcecode.c.objc; path = "RZBSimulatedDevice+RZBBatteryLevel.m"; sourceTree = "<group>"; };
		ABCF15071C04D443002DA9BE /* RZBPeripheralManagerTests.m */ = {isa = PBXFileReference; fileEncoding = 4; lastKnownFileType = sourcecode.c.objc; path = RZBPeripheralManagerTests.m; sourceTree = "<group>"; };
		ABD0C5861CB7ECF50058ACB7 /* RZBPeripheralStateEvent.h */ = {isa = PBXFileReference; lastKnownFileType = sourcecode.c.h; path = RZBPeripheralStateEvent.h; sourceTree = "<group>"; };
		ABE73B5C1C6928E6003620E0 /* RZBSimulatedConnection+Private.h */ = {isa = PBXFileReference; lastKnownFileType = sourcecode.c.h; path = "RZBSimulatedConnection+Private.h"; sourceTree = "<group>"; };
		ABE73B5D1C693294003620E0 /* RZBBluetoothRepresentable.h */ = {isa = PBXFileReference; lastKnownFileType = sourcecode.c.h; path = RZBBluetoothRepresentable.h; sourceTree = "<group>"; };
		ABEA8FC01BF2740200543BC3 /* RZBUserInteraction.h */ = {isa = PBXFileReference; fileEncoding = 4; lastKnownFileType = sourcecode.c.h; path = RZBUserInteraction.h; sourceTree = "<group>"; };
		ABEA8FC11BF2740200543BC3 /* RZBUserInteraction.m */ = {isa = PBXFileReference; fileEncoding = 4; lastKnownFileType = sourcecode.c.objc; path = RZBUserInteraction.m; sourceTree = "<group>"; };
		ABEA8FC31BF28D6A00543BC3 /* RZBUserInteractionTests.m */ = {isa = PBXFileReference; fileEncoding = 4; lastKnownFileType = sourcecode.c.objc; path = RZBUserInteractionTests.m; sourceTree = "<group>"; };
		D59C33BC20101CC40056401E /* libRZBluetooth-watchos.a */ = {isa = PBXFileReference; explicitFileType = archive.ar; includeInIndex = 0; path = "libRZBluetooth-watchos.a"; sourceTree = BUILT_PRODUCTS_DIR; };
/* End PBXFileReference section */

/* Begin PBXFrameworksBuildPhase section */
		15930BD51D1C2032009C269C /* Frameworks */ = {
			isa = PBXFrameworksBuildPhase;
			buildActionMask = 2147483647;
			files = (
			);
			runOnlyForDeploymentPostprocessing = 0;
		};
		AB45C4961B6BF70B00CC0166 /* Frameworks */ = {
			isa = PBXFrameworksBuildPhase;
			buildActionMask = 2147483647;
			files = (
			);
			runOnlyForDeploymentPostprocessing = 0;
		};
		AB45C4A11B6BF70B00CC0166 /* Frameworks */ = {
			isa = PBXFrameworksBuildPhase;
			buildActionMask = 2147483647;
			files = (
				AB45C5441B6C065400CC0166 /* libRZMockBluetooth.a in Frameworks */,
				AB45C4A51B6BF70B00CC0166 /* libRZBluetooth.a in Frameworks */,
			);
			runOnlyForDeploymentPostprocessing = 0;
		};
		AB45C5021B6BF8D300CC0166 /* Frameworks */ = {
			isa = PBXFrameworksBuildPhase;
			buildActionMask = 2147483647;
			files = (
			);
			runOnlyForDeploymentPostprocessing = 0;
		};
		D59C33B720101CC40056401E /* Frameworks */ = {
			isa = PBXFrameworksBuildPhase;
			buildActionMask = 2147483647;
			files = (
			);
			runOnlyForDeploymentPostprocessing = 0;
		};
/* End PBXFrameworksBuildPhase section */

/* Begin PBXGroup section */
		AB14AF131CA5DBB800D1436D /* Example */ = {
			isa = PBXGroup;
			children = (
				AB14AF1C1CA5DF1800D1436D /* PacketUUID.swift */,
				AB14AF181CA5DC2000D1436D /* Packet.swift */,
				AB14AF141CA5DBE500D1436D /* PacketPeripheral.swift */,
				AB14AF161CA5DC0300D1436D /* SimulatedPacketDevice.swift */,
			);
			name = Example;
			sourceTree = "<group>";
		};
		AB4135E61B718C94002F450F /* Simulation */ = {
			isa = PBXGroup;
			children = (
				AB4136051B71BE40002F450F /* RZBSimulatedDevice.h */,
				AB4136061B71BE40002F450F /* RZBSimulatedDevice.m */,
				ABCD83AC1B7ACF9E00DA1162 /* RZBSimulatedDevice+RZBBatteryLevel.h */,
				ABCD83AD1B7ACF9E00DA1162 /* RZBSimulatedDevice+RZBBatteryLevel.m */,
				AB4135EB1B718C94002F450F /* RZBSimulatedConnection.h */,
				ABE73B5C1C6928E6003620E0 /* RZBSimulatedConnection+Private.h */,
				AB4135EC1B718C94002F450F /* RZBSimulatedConnection.m */,
				AB4135E91B718C94002F450F /* RZBSimulatedCentral.h */,
				AB4135EA1B718C94002F450F /* RZBSimulatedCentral.m */,
				AB4135E71B718C94002F450F /* RZBSimulatedCallback.h */,
				AB4135E81B718C94002F450F /* RZBSimulatedCallback.m */,
			);
			path = Simulation;
			sourceTree = "<group>";
		};
		AB45C4901B6BF70B00CC0166 = {
			isa = PBXGroup;
			children = (
				AB45C5481B6C0B8900CC0166 /* README.md */,
				ABCD83AB1B7ACD5900DA1162 /* RZBluetooth.podspec */,
				0F659177213734F100A3122A /* RZBluetoothTest.podspec */,
				AB45C49B1B6BF70B00CC0166 /* RZBluetooth */,
				AB45C4E51B6BF8BA00CC0166 /* RZMockBluetooth */,
				AB45C4A81B6BF70B00CC0166 /* RZBluetoothTests */,
				AB45C49A1B6BF70B00CC0166 /* Products */,
			);
			sourceTree = "<group>";
		};
		AB45C49A1B6BF70B00CC0166 /* Products */ = {
			isa = PBXGroup;
			children = (
				AB45C4991B6BF70B00CC0166 /* libRZBluetooth.a */,
				AB45C4A41B6BF70B00CC0166 /* RZBluetoothTests.xctest */,
				AB45C5051B6BF8D300CC0166 /* libRZMockBluetooth.a */,
				15930BDA1D1C2032009C269C /* libRZBluetooth-OSX.a */,
				D59C33BC20101CC40056401E /* libRZBluetooth-watchos.a */,
			);
			name = Products;
			sourceTree = "<group>";
		};
		AB45C49B1B6BF70B00CC0166 /* RZBluetooth */ = {
			isa = PBXGroup;
			children = (
				AB45C4C31B6BF88B00CC0166 /* RZBluetooth.h */,
				AB45C4C61B6BF88B00CC0166 /* RZBCentralManager.h */,
				AB45C4C51B6BF88B00CC0166 /* RZBCentralManager+Private.h */,
				AB45C4C71B6BF88B00CC0166 /* RZBCentralManager.m */,
				AB4A45121CA22AE300C82703 /* RZBCentralManager+CommandHelper.h */,
				AB4A45131CA22AE300C82703 /* RZBCentralManager+CommandHelper.m */,
				AB4A450E1CA223B200C82703 /* RZBPeripheral.h */,
				AB4A450F1CA223B200C82703 /* RZBPeripheral.m */,
				AB4A45111CA224D500C82703 /* RZBPeripheral+Private.h */,
				ABD0C5861CB7ECF50058ACB7 /* RZBPeripheralStateEvent.h */,
				AB45C54F1B70F8D800CC0166 /* CBService+RZBExtension.h */,
				AB45C5501B70F8D800CC0166 /* CBService+RZBExtension.m */,
				ABEA8FC01BF2740200543BC3 /* RZBUserInteraction.h */,
				ABEA8FC11BF2740200543BC3 /* RZBUserInteraction.m */,
				AB45C4C01B6BF88B00CC0166 /* RZBDefines.h */,
				ABE73B5D1C693294003620E0 /* RZBBluetoothRepresentable.h */,
				AB14AF011CA59CDA00D1436D /* RZBScanInfo.h */,
				AB14AF021CA59CDA00D1436D /* RZBScanInfo.m */,
				AB45C4C11B6BF88B00CC0166 /* RZBErrors.h */,
				AB45C4C21B6BF88B00CC0166 /* RZBErrors.m */,
				ABA4827A1C18B44400709F8F /* RZBLog.h */,
				ABA4827D1C18B60500709F8F /* RZBLog+Private.h */,
				ABA4827B1C18B44400709F8F /* RZBLog.m */,
				AB45C4B61B6BF88B00CC0166 /* Command */,
				AB45C4BF1B6BF88B00CC0166 /* Profiles */,
			);
			path = RZBluetooth;
			sourceTree = "<group>";
		};
		AB45C4A81B6BF70B00CC0166 /* RZBluetoothTests */ = {
			isa = PBXGroup;
			children = (
				ABA921461DABF00A00B2D191 /* RZBTestDefines.h */,
				AB4136001B71BAE3002F450F /* RZBSimulatedTestCase.h */,
				AB4136011B71BAE3002F450F /* RZBSimulatedTestCase.m */,
				AB45C4D01B6BF8AB00CC0166 /* RZBCentralManagerCallbackTests.m */,
				AB45C4D21B6BF8AB00CC0166 /* RZBMockCentralTestCase.h */,
				AB45C4D11B6BF8AB00CC0166 /* RZBMockCentralTestCase.m */,
				AB45C4D71B6BF8AB00CC0166 /* RZBCommandDispatchTests.m */,
				AB45C4D41B6BF8AB00CC0166 /* RZBCommandTests.m */,
				AB45C4D51B6BF8AB00CC0166 /* RZBUUIDPathTests.m */,
				ABCF15071C04D443002DA9BE /* RZBPeripheralManagerTests.m */,
				ABCD83811B73DD2600DA1162 /* RZBSimulatedTests.m */,
				AB4136031B71BC3D002F450F /* RZBProfileDeviceInfoTests.m */,
				ABCD83831B73DE5D00DA1162 /* RZBProfileBatteryTests.m */,
				ABEA8FC31BF28D6A00543BC3 /* RZBUserInteractionTests.m */,
				AB056E461CBBD55E00145E87 /* RZBSimulationObjectTests.m */,
				AB45C4D81B6BF8AB00CC0166 /* Helpers */,
				AB45C4A91B6BF70B00CC0166 /* Supporting Files */,
				AB14AF111CA5D42F00D1436D /* SwiftTestCase.swift */,
				AB14AF1A1CA5DE9A00D1436D /* SwiftExampleTest.swift */,
				AB14AF131CA5DBB800D1436D /* Example */,
				AB14AF101CA5D42F00D1436D /* RZBluetoothTests-Bridging-Header.h */,
			);
			path = RZBluetoothTests;
			sourceTree = "<group>";
		};
		AB45C4A91B6BF70B00CC0166 /* Supporting Files */ = {
			isa = PBXGroup;
			children = (
				AB45C4AA1B6BF70B00CC0166 /* Info.plist */,
			);
			name = "Supporting Files";
			sourceTree = "<group>";
		};
		AB45C4B61B6BF88B00CC0166 /* Command */ = {
			isa = PBXGroup;
			children = (
				AB45C4B91B6BF88B00CC0166 /* RZBCommand.h */,
				AB45C4BA1B6BF88B00CC0166 /* RZBCommand.m */,
				AB45C4BB1B6BF88B00CC0166 /* RZBCommandDispatch.h */,
				AB45C4BC1B6BF88B00CC0166 /* RZBCommandDispatch.m */,
				AB45C4BD1B6BF88B00CC0166 /* RZBUUIDPath.h */,
				AB45C4BE1B6BF88B00CC0166 /* RZBUUIDPath.m */,
			);
			path = Command;
			sourceTree = "<group>";
		};
		AB45C4BF1B6BF88B00CC0166 /* Profiles */ = {
			isa = PBXGroup;
			children = (
				AB0E299E1B7E2CE200A1ADA9 /* CBUUID+RZBPublic.h */,
				AB0E299F1B7E2CE200A1ADA9 /* CBUUID+RZBPublic.m */,
				AB4135FA1B71AB91002F450F /* RZBDeviceInfo.h */,
				AB4135FB1B71AB91002F450F /* RZBDeviceInfo.m */,
				AB0E29A11B7E2D3F00A1ADA9 /* RZBHeartRateMeasurement.h */,
				AB0E29A21B7E2D3F00A1ADA9 /* RZBHeartRateMeasurement.m */,
				ABCD837E1B73D77C00DA1162 /* RZBPeripheral+RZBBattery.h */,
				ABCD837F1B73D77C00DA1162 /* RZBPeripheral+RZBBattery.m */,
				AB0E299B1B7E19E100A1ADA9 /* RZBPeripheral+RZBHeartRate.h */,
				AB0E299C1B7E19E100A1ADA9 /* RZBPeripheral+RZBHeartRate.m */,
			);
			path = Profiles;
			sourceTree = "<group>";
		};
		AB45C4D81B6BF8AB00CC0166 /* Helpers */ = {
			isa = PBXGroup;
			children = (
				AB45C4D61B6BF8AB00CC0166 /* XCTestCase+Helpers.h */,
				AB45C4D31B6BF8AB00CC0166 /* XCTestCase+Helpers.m */,
				AB9BCBB41CC51C6C001A9BA2 /* CBUUID+TestUUIDs.h */,
				AB9BCBB51CC51C6C001A9BA2 /* CBUUID+TestUUIDs.m */,
				AB45C5451B6C09FD00CC0166 /* RZBInvocationLog.h */,
				AB45C5461B6C09FD00CC0166 /* RZBInvocationLog.m */,
				AB45C4DB1B6BF8AB00CC0166 /* RZTestCommands.h */,
				AB45C4DC1B6BF8AB00CC0166 /* RZTestCommands.m */,
				ABCD837B1B726C2D00DA1162 /* NSRunLoop+RZBWaitFor.h */,
				ABCD837C1B726C2D00DA1162 /* NSRunLoop+RZBWaitFor.m */,
			);
			path = Helpers;
			sourceTree = "<group>";
		};
		AB45C4E51B6BF8BA00CC0166 /* RZMockBluetooth */ = {
			isa = PBXGroup;
			children = (
				AB45C5071B6BF8D300CC0166 /* RZMockBluetooth.h */,
				ABCD83711B71D1F900DA1162 /* Mock */,
				AB4135E61B718C94002F450F /* Simulation */,
				AB45C4EB1B6BF8BA00CC0166 /* NSError+RZBMock.h */,
				AB45C4EC1B6BF8BA00CC0166 /* NSError+RZBMock.m */,
			);
			path = RZMockBluetooth;
			sourceTree = "<group>";
		};
		ABCD83711B71D1F900DA1162 /* Mock */ = {
			isa = PBXGroup;
			children = (
				AB9BCBB11CC45F62001A9BA2 /* RZBEnableMock.h */,
				AB9BCBB21CC45F62001A9BA2 /* RZBEnableMock.m */,
				ABCD83721B71D1F900DA1162 /* RZBMockCentralManager.h */,
				ABCD83731B71D1F900DA1162 /* RZBMockCentralManager.m */,
				ABCD83741B71D1F900DA1162 /* RZBMockPeripheral.h */,
				ABCD83751B71D1F900DA1162 /* RZBMockPeripheral.m */,
				ABCD83761B71D1F900DA1162 /* RZBMockPeripheralManager.h */,
				ABCD83771B71D1F900DA1162 /* RZBMockPeripheralManager.m */,
			);
			path = Mock;
			sourceTree = "<group>";
		};
/* End PBXGroup section */

/* Begin PBXNativeTarget section */
		15930BC31D1C2032009C269C /* RZBluetooth-OSX */ = {
			isa = PBXNativeTarget;
			buildConfigurationList = 15930BD71D1C2032009C269C /* Build configuration list for PBXNativeTarget "RZBluetooth-OSX" */;
			buildPhases = (
				15930BC41D1C2032009C269C /* Sources */,
				15930BD51D1C2032009C269C /* Frameworks */,
				15930BD61D1C2032009C269C /* CopyFiles */,
			);
			buildRules = (
			);
			dependencies = (
			);
			name = "RZBluetooth-OSX";
			productName = RZBluetooth;
			productReference = 15930BDA1D1C2032009C269C /* libRZBluetooth-OSX.a */;
			productType = "com.apple.product-type.library.static";
		};
		AB45C4981B6BF70B00CC0166 /* RZBluetooth */ = {
			isa = PBXNativeTarget;
			buildConfigurationList = AB45C4AD1B6BF70B00CC0166 /* Build configuration list for PBXNativeTarget "RZBluetooth" */;
			buildPhases = (
				AB45C4951B6BF70B00CC0166 /* Sources */,
				AB45C4961B6BF70B00CC0166 /* Frameworks */,
				AB45C4971B6BF70B00CC0166 /* CopyFiles */,
			);
			buildRules = (
			);
			dependencies = (
			);
			name = RZBluetooth;
			productName = RZBluetooth;
			productReference = AB45C4991B6BF70B00CC0166 /* libRZBluetooth.a */;
			productType = "com.apple.product-type.library.static";
		};
		AB45C4A31B6BF70B00CC0166 /* RZBluetoothTests */ = {
			isa = PBXNativeTarget;
			buildConfigurationList = AB45C4B01B6BF70B00CC0166 /* Build configuration list for PBXNativeTarget "RZBluetoothTests" */;
			buildPhases = (
				AB45C4A01B6BF70B00CC0166 /* Sources */,
				AB45C4A11B6BF70B00CC0166 /* Frameworks */,
				AB45C4A21B6BF70B00CC0166 /* Resources */,
			);
			buildRules = (
			);
			dependencies = (
				C97369C7221B590C003844D5 /* PBXTargetDependency */,
				C97369C9221B590C003844D5 /* PBXTargetDependency */,
			);
			name = RZBluetoothTests;
			productName = RZBluetoothTests;
			productReference = AB45C4A41B6BF70B00CC0166 /* RZBluetoothTests.xctest */;
			productType = "com.apple.product-type.bundle.unit-test";
		};
		AB45C5041B6BF8D300CC0166 /* RZMockBluetooth */ = {
			isa = PBXNativeTarget;
			buildConfigurationList = AB45C5161B6BF8D300CC0166 /* Build configuration list for PBXNativeTarget "RZMockBluetooth" */;
			buildPhases = (
				AB45C5011B6BF8D300CC0166 /* Sources */,
				AB45C5021B6BF8D300CC0166 /* Frameworks */,
				AB45C5031B6BF8D300CC0166 /* CopyFiles */,
			);
			buildRules = (
			);
			dependencies = (
			);
			name = RZMockBluetooth;
			productName = RZMockBluetooth;
			productReference = AB45C5051B6BF8D300CC0166 /* libRZMockBluetooth.a */;
			productType = "com.apple.product-type.library.static";
		};
		D59C33A520101CC40056401E /* RZBluetooth-watchos */ = {
			isa = PBXNativeTarget;
			buildConfigurationList = D59C33B920101CC40056401E /* Build configuration list for PBXNativeTarget "RZBluetooth-watchos" */;
			buildPhases = (
				D59C33A620101CC40056401E /* Sources */,
				D59C33B720101CC40056401E /* Frameworks */,
				D59C33B820101CC40056401E /* CopyFiles */,
			);
			buildRules = (
			);
			dependencies = (
			);
			name = "RZBluetooth-watchos";
			productName = RZBluetooth;
			productReference = D59C33BC20101CC40056401E /* libRZBluetooth-watchos.a */;
			productType = "com.apple.product-type.library.static";
		};
/* End PBXNativeTarget section */

/* Begin PBXProject section */
		AB45C4911B6BF70B00CC0166 /* Project object */ = {
			isa = PBXProject;
			attributes = {
				LastSwiftUpdateCheck = 0730;
				LastUpgradeCheck = 0800;
				ORGANIZATIONNAME = Raizlabs;
				TargetAttributes = {
					AB45C4981B6BF70B00CC0166 = {
						CreatedOnToolsVersion = 6.4;
					};
					AB45C4A31B6BF70B00CC0166 = {
						CreatedOnToolsVersion = 6.4;
						LastSwiftMigration = 0830;
					};
					AB45C5041B6BF8D300CC0166 = {
						CreatedOnToolsVersion = 6.4;
					};
				};
			};
			buildConfigurationList = AB45C4941B6BF70B00CC0166 /* Build configuration list for PBXProject "RZBluetooth" */;
			compatibilityVersion = "Xcode 3.2";
			developmentRegion = English;
			hasScannedForEncodings = 0;
			knownRegions = (
				en,
			);
			mainGroup = AB45C4901B6BF70B00CC0166;
			productRefGroup = AB45C49A1B6BF70B00CC0166 /* Products */;
			projectDirPath = "";
			projectRoot = "";
			targets = (
				AB45C4981B6BF70B00CC0166 /* RZBluetooth */,
				AB45C4A31B6BF70B00CC0166 /* RZBluetoothTests */,
				AB45C5041B6BF8D300CC0166 /* RZMockBluetooth */,
				15930BC31D1C2032009C269C /* RZBluetooth-OSX */,
				D59C33A520101CC40056401E /* RZBluetooth-watchos */,
			);
		};
/* End PBXProject section */

/* Begin PBXResourcesBuildPhase section */
		AB45C4A21B6BF70B00CC0166 /* Resources */ = {
			isa = PBXResourcesBuildPhase;
			buildActionMask = 2147483647;
			files = (
			);
			runOnlyForDeploymentPostprocessing = 0;
		};
/* End PBXResourcesBuildPhase section */

/* Begin PBXSourcesBuildPhase section */
		15930BC41D1C2032009C269C /* Sources */ = {
			isa = PBXSourcesBuildPhase;
			buildActionMask = 2147483647;
			files = (
				15930BC51D1C2032009C269C /* RZBUserInteraction.m in Sources */,
				15930BC61D1C2032009C269C /* RZBDeviceInfo.m in Sources */,
				15930BC71D1C2032009C269C /* RZBCommand.m in Sources */,
				15930BC81D1C2032009C269C /* RZBUUIDPath.m in Sources */,
				15930BC91D1C2032009C269C /* RZBCentralManager.m in Sources */,
				15930BCA1D1C2032009C269C /* CBUUID+RZBPublic.m in Sources */,
				15930BCB1D1C2032009C269C /* RZBErrors.m in Sources */,
				15930BCC1D1C2032009C269C /* RZBScanInfo.m in Sources */,
				15930BCD1D1C2032009C269C /* RZBCentralManager+CommandHelper.m in Sources */,
				15930BCE1D1C2032009C269C /* RZBLog.m in Sources */,
				15930BCF1D1C2032009C269C /* RZBHeartRateMeasurement.m in Sources */,
				15930BD01D1C2032009C269C /* RZBPeripheral+RZBBattery.m in Sources */,
				15930BD11D1C2032009C269C /* RZBPeripheral+RZBHeartRate.m in Sources */,
				15930BD21D1C2032009C269C /* RZBPeripheral.m in Sources */,
				15930BD31D1C2032009C269C /* RZBCommandDispatch.m in Sources */,
				15930BD41D1C2032009C269C /* CBService+RZBExtension.m in Sources */,
			);
			runOnlyForDeploymentPostprocessing = 0;
		};
		AB45C4951B6BF70B00CC0166 /* Sources */ = {
			isa = PBXSourcesBuildPhase;
			buildActionMask = 2147483647;
			files = (
				ABEA8FC21BF2740200543BC3 /* RZBUserInteraction.m in Sources */,
				AB4135FC1B71AB91002F450F /* RZBDeviceInfo.m in Sources */,
				AB45C4CA1B6BF88B00CC0166 /* RZBCommand.m in Sources */,
				AB45C4CC1B6BF88B00CC0166 /* RZBUUIDPath.m in Sources */,
				AB45C4CF1B6BF88B00CC0166 /* RZBCentralManager.m in Sources */,
				AB0E29A01B7E2CE200A1ADA9 /* CBUUID+RZBPublic.m in Sources */,
				AB45C4CD1B6BF88B00CC0166 /* RZBErrors.m in Sources */,
				AB14AF031CA59CDA00D1436D /* RZBScanInfo.m in Sources */,
				AB4A45141CA22AE300C82703 /* RZBCentralManager+CommandHelper.m in Sources */,
				ABA4827C1C18B44400709F8F /* RZBLog.m in Sources */,
				AB0E29A31B7E2D3F00A1ADA9 /* RZBHeartRateMeasurement.m in Sources */,
				ABCD83801B73D77C00DA1162 /* RZBPeripheral+RZBBattery.m in Sources */,
				AB0E299D1B7E19E100A1ADA9 /* RZBPeripheral+RZBHeartRate.m in Sources */,
				AB4A45101CA223B200C82703 /* RZBPeripheral.m in Sources */,
				AB45C4CB1B6BF88B00CC0166 /* RZBCommandDispatch.m in Sources */,
				AB45C5511B70F8D800CC0166 /* CBService+RZBExtension.m in Sources */,
			);
			runOnlyForDeploymentPostprocessing = 0;
		};
		AB45C4A01B6BF70B00CC0166 /* Sources */ = {
			isa = PBXSourcesBuildPhase;
			buildActionMask = 2147483647;
			files = (
				AB45C4E21B6BF8AB00CC0166 /* RZBCommandDispatchTests.m in Sources */,
				C97369CE221B5D4E003844D5 /* SwiftExampleTest.swift in Sources */,
				AB14AF1D1CA5DF1800D1436D /* PacketUUID.swift in Sources */,
				AB45C5471B6C09FD00CC0166 /* RZBInvocationLog.m in Sources */,
				ABCF15081C04D443002DA9BE /* RZBPeripheralManagerTests.m in Sources */,
				AB45C4E41B6BF8AB00CC0166 /* RZTestCommands.m in Sources */,
				AB14AF191CA5DC2000D1436D /* Packet.swift in Sources */,
				AB45C4E01B6BF8AB00CC0166 /* RZBCommandTests.m in Sources */,
				AB45C4DF1B6BF8AB00CC0166 /* XCTestCase+Helpers.m in Sources */,
				ABCD837D1B726C2D00DA1162 /* NSRunLoop+RZBWaitFor.m in Sources */,
				AB14AF171CA5DC0300D1436D /* SimulatedPacketDevice.swift in Sources */,
				AB4136021B71BAE3002F450F /* RZBSimulatedTestCase.m in Sources */,
				AB4136041B71BC3D002F450F /* RZBProfileDeviceInfoTests.m in Sources */,
				AB14AF151CA5DBE500D1436D /* PacketPeripheral.swift in Sources */,
				ABCD83841B73DE5D00DA1162 /* RZBProfileBatteryTests.m in Sources */,
				AB056E471CBBD55E00145E87 /* RZBSimulationObjectTests.m in Sources */,
				AB45C4DE1B6BF8AB00CC0166 /* RZBMockCentralTestCase.m in Sources */,
				AB9BCBB61CC51C6C001A9BA2 /* CBUUID+TestUUIDs.m in Sources */,
				ABEA8FC41BF28D6A00543BC3 /* RZBUserInteractionTests.m in Sources */,
				AB45C4DD1B6BF8AB00CC0166 /* RZBCentralManagerCallbackTests.m in Sources */,
				C97369CD221B5D4C003844D5 /* SwiftTestCase.swift in Sources */,
				AB45C4E11B6BF8AB00CC0166 /* RZBUUIDPathTests.m in Sources */,
				ABCD83821B73DD2600DA1162 /* RZBSimulatedTests.m in Sources */,
			);
			runOnlyForDeploymentPostprocessing = 0;
		};
		AB45C5011B6BF8D300CC0166 /* Sources */ = {
			isa = PBXSourcesBuildPhase;
			buildActionMask = 2147483647;
			files = (
				ABCD83AE1B7ACF9E00DA1162 /* RZBSimulatedDevice+RZBBatteryLevel.m in Sources */,
				AB9BCBB31CC45F62001A9BA2 /* RZBEnableMock.m in Sources */,
				AB4135EF1B718C94002F450F /* RZBSimulatedCallback.m in Sources */,
				AB4135F11B718C94002F450F /* RZBSimulatedConnection.m in Sources */,
				ABCD83791B71D1F900DA1162 /* RZBMockPeripheral.m in Sources */,
				AB4136071B71BE40002F450F /* RZBSimulatedDevice.m in Sources */,
				ABCD83781B71D1F900DA1162 /* RZBMockCentralManager.m in Sources */,
				ABCD837A1B71D1F900DA1162 /* RZBMockPeripheralManager.m in Sources */,
				AB45C53E1B6C064F00CC0166 /* NSError+RZBMock.m in Sources */,
				AB4135F01B718C94002F450F /* RZBSimulatedCentral.m in Sources */,
			);
			runOnlyForDeploymentPostprocessing = 0;
		};
		D59C33A620101CC40056401E /* Sources */ = {
			isa = PBXSourcesBuildPhase;
			buildActionMask = 2147483647;
			files = (
				D59C33A720101CC40056401E /* RZBUserInteraction.m in Sources */,
				D59C33A820101CC40056401E /* RZBDeviceInfo.m in Sources */,
				D59C33A920101CC40056401E /* RZBCommand.m in Sources */,
				D59C33AA20101CC40056401E /* RZBUUIDPath.m in Sources */,
				D59C33AB20101CC40056401E /* RZBCentralManager.m in Sources */,
				D59C33AC20101CC40056401E /* CBUUID+RZBPublic.m in Sources */,
				D59C33AD20101CC40056401E /* RZBErrors.m in Sources */,
				D59C33AE20101CC40056401E /* RZBScanInfo.m in Sources */,
				D59C33AF20101CC40056401E /* RZBCentralManager+CommandHelper.m in Sources */,
				D59C33B020101CC40056401E /* RZBLog.m in Sources */,
				D59C33B120101CC40056401E /* RZBHeartRateMeasurement.m in Sources */,
				D59C33B220101CC40056401E /* RZBPeripheral+RZBBattery.m in Sources */,
				D59C33B320101CC40056401E /* RZBPeripheral+RZBHeartRate.m in Sources */,
				D59C33B420101CC40056401E /* RZBPeripheral.m in Sources */,
				D59C33B520101CC40056401E /* RZBCommandDispatch.m in Sources */,
				D59C33B620101CC40056401E /* CBService+RZBExtension.m in Sources */,
			);
			runOnlyForDeploymentPostprocessing = 0;
		};
/* End PBXSourcesBuildPhase section */

/* Begin PBXTargetDependency section */
		C97369C7221B590C003844D5 /* PBXTargetDependency */ = {
			isa = PBXTargetDependency;
			target = AB45C4981B6BF70B00CC0166 /* RZBluetooth */;
			targetProxy = C97369C6221B590C003844D5 /* PBXContainerItemProxy */;
		};
		C97369C9221B590C003844D5 /* PBXTargetDependency */ = {
			isa = PBXTargetDependency;
			target = AB45C5041B6BF8D300CC0166 /* RZMockBluetooth */;
			targetProxy = C97369C8221B590C003844D5 /* PBXContainerItemProxy */;
		};
/* End PBXTargetDependency section */

/* Begin XCBuildConfiguration section */
		15930BD81D1C2032009C269C /* Debug */ = {
			isa = XCBuildConfiguration;
			buildSettings = {
				OTHER_LDFLAGS = "-ObjC";
				PRODUCT_NAME = "$(TARGET_NAME)";
				SDKROOT = macosx;
				SKIP_INSTALL = YES;
			};
			name = Debug;
		};
		15930BD91D1C2032009C269C /* Release */ = {
			isa = XCBuildConfiguration;
			buildSettings = {
				OTHER_LDFLAGS = "-ObjC";
				PRODUCT_NAME = "$(TARGET_NAME)";
				SDKROOT = macosx;
				SKIP_INSTALL = YES;
			};
			name = Release;
		};
		AB45C4AB1B6BF70B00CC0166 /* Debug */ = {
			isa = XCBuildConfiguration;
			buildSettings = {
				ALWAYS_SEARCH_USER_PATHS = NO;
				CLANG_CXX_LANGUAGE_STANDARD = "gnu++0x";
				CLANG_CXX_LIBRARY = "libc++";
				CLANG_ENABLE_MODULES = YES;
				CLANG_ENABLE_OBJC_ARC = YES;
				CLANG_WARN_BOOL_CONVERSION = YES;
				CLANG_WARN_CONSTANT_CONVERSION = YES;
				CLANG_WARN_DIRECT_OBJC_ISA_USAGE = YES_ERROR;
				CLANG_WARN_DOCUMENTATION_COMMENTS = YES;
				CLANG_WARN_EMPTY_BODY = YES;
				CLANG_WARN_ENUM_CONVERSION = YES;
				CLANG_WARN_INFINITE_RECURSION = YES;
				CLANG_WARN_INT_CONVERSION = YES;
				CLANG_WARN_OBJC_ROOT_CLASS = YES_ERROR;
				CLANG_WARN_SUSPICIOUS_MOVE = YES;
				CLANG_WARN_UNREACHABLE_CODE = YES;
				CLANG_WARN__DUPLICATE_METHOD_MATCH = YES;
				COPY_PHASE_STRIP = NO;
				DEBUG_INFORMATION_FORMAT = "dwarf-with-dsym";
				ENABLE_STRICT_OBJC_MSGSEND = YES;
				ENABLE_TESTABILITY = YES;
				GCC_C_LANGUAGE_STANDARD = gnu99;
				GCC_DYNAMIC_NO_PIC = NO;
				GCC_NO_COMMON_BLOCKS = YES;
				GCC_OPTIMIZATION_LEVEL = 0;
				GCC_PREPROCESSOR_DEFINITIONS = (
					"DEBUG=1",
					"$(inherited)",
				);
				GCC_SYMBOLS_PRIVATE_EXTERN = NO;
				GCC_WARN_64_TO_32_BIT_CONVERSION = YES;
				GCC_WARN_ABOUT_RETURN_TYPE = YES_ERROR;
				GCC_WARN_SHADOW = YES;
				GCC_WARN_UNDECLARED_SELECTOR = YES;
				GCC_WARN_UNINITIALIZED_AUTOS = YES_AGGRESSIVE;
				GCC_WARN_UNUSED_FUNCTION = YES;
				GCC_WARN_UNUSED_VARIABLE = YES;
				IPHONEOS_DEPLOYMENT_TARGET = 8.0;
				MACOSX_DEPLOYMENT_TARGET = 10.10;
				MTL_ENABLE_DEBUG_INFO = YES;
				ONLY_ACTIVE_ARCH = YES;
				SDKROOT = iphoneos;
			};
			name = Debug;
		};
		AB45C4AC1B6BF70B00CC0166 /* Release */ = {
			isa = XCBuildConfiguration;
			buildSettings = {
				ALWAYS_SEARCH_USER_PATHS = NO;
				CLANG_CXX_LANGUAGE_STANDARD = "gnu++0x";
				CLANG_CXX_LIBRARY = "libc++";
				CLANG_ENABLE_MODULES = YES;
				CLANG_ENABLE_OBJC_ARC = YES;
				CLANG_WARN_BOOL_CONVERSION = YES;
				CLANG_WARN_CONSTANT_CONVERSION = YES;
				CLANG_WARN_DIRECT_OBJC_ISA_USAGE = YES_ERROR;
				CLANG_WARN_DOCUMENTATION_COMMENTS = YES;
				CLANG_WARN_EMPTY_BODY = YES;
				CLANG_WARN_ENUM_CONVERSION = YES;
				CLANG_WARN_INFINITE_RECURSION = YES;
				CLANG_WARN_INT_CONVERSION = YES;
				CLANG_WARN_OBJC_ROOT_CLASS = YES_ERROR;
				CLANG_WARN_SUSPICIOUS_MOVE = YES;
				CLANG_WARN_UNREACHABLE_CODE = YES;
				CLANG_WARN__DUPLICATE_METHOD_MATCH = YES;
				COPY_PHASE_STRIP = NO;
				DEBUG_INFORMATION_FORMAT = "dwarf-with-dsym";
				ENABLE_NS_ASSERTIONS = NO;
				ENABLE_STRICT_OBJC_MSGSEND = YES;
				GCC_C_LANGUAGE_STANDARD = gnu99;
				GCC_NO_COMMON_BLOCKS = YES;
				GCC_WARN_64_TO_32_BIT_CONVERSION = YES;
				GCC_WARN_ABOUT_RETURN_TYPE = YES_ERROR;
				GCC_WARN_SHADOW = YES;
				GCC_WARN_UNDECLARED_SELECTOR = YES;
				GCC_WARN_UNINITIALIZED_AUTOS = YES_AGGRESSIVE;
				GCC_WARN_UNUSED_FUNCTION = YES;
				GCC_WARN_UNUSED_VARIABLE = YES;
				IPHONEOS_DEPLOYMENT_TARGET = 8.0;
				MACOSX_DEPLOYMENT_TARGET = 10.10;
				MTL_ENABLE_DEBUG_INFO = NO;
				SDKROOT = iphoneos;
				SWIFT_OPTIMIZATION_LEVEL = "-Owholemodule";
				VALIDATE_PRODUCT = YES;
			};
			name = Release;
		};
		AB45C4AE1B6BF70B00CC0166 /* Debug */ = {
			isa = XCBuildConfiguration;
			buildSettings = {
				OTHER_LDFLAGS = "-ObjC";
				PRODUCT_NAME = "$(TARGET_NAME)";
				SKIP_INSTALL = YES;
			};
			name = Debug;
		};
		AB45C4AF1B6BF70B00CC0166 /* Release */ = {
			isa = XCBuildConfiguration;
			buildSettings = {
				OTHER_LDFLAGS = "-ObjC";
				PRODUCT_NAME = "$(TARGET_NAME)";
				SKIP_INSTALL = YES;
			};
			name = Release;
		};
		AB45C4B11B6BF70B00CC0166 /* Debug */ = {
			isa = XCBuildConfiguration;
			buildSettings = {
				CLANG_ENABLE_MODULES = YES;
				"CODE_SIGN_IDENTITY[sdk=iphoneos*]" = "iPhone Developer";
				GCC_PREPROCESSOR_DEFINITIONS = (
					"DEBUG=1",
					"$(inherited)",
				);
				INFOPLIST_FILE = RZBluetoothTests/Info.plist;
				LD_RUNPATH_SEARCH_PATHS = "$(inherited) @executable_path/Frameworks @loader_path/Frameworks";
				OTHER_LDFLAGS = (
					"$(inherited)",
					"-framework",
					XCTest,
					"-ObjC",
				);
				PRODUCT_BUNDLE_IDENTIFIER = "com.raizlabs.$(PRODUCT_NAME:rfc1034identifier)";
				PRODUCT_NAME = "$(TARGET_NAME)";
				SWIFT_OBJC_BRIDGING_HEADER = "RZBluetoothTests/RZBluetoothTests-Bridging-Header.h";
				SWIFT_OPTIMIZATION_LEVEL = "-Onone";
				SWIFT_VERSION = 3.0;
			};
			name = Debug;
		};
		AB45C4B21B6BF70B00CC0166 /* Release */ = {
			isa = XCBuildConfiguration;
			buildSettings = {
				CLANG_ENABLE_MODULES = YES;
				"CODE_SIGN_IDENTITY[sdk=iphoneos*]" = "iPhone Developer";
				INFOPLIST_FILE = RZBluetoothTests/Info.plist;
				LD_RUNPATH_SEARCH_PATHS = "$(inherited) @executable_path/Frameworks @loader_path/Frameworks";
				OTHER_LDFLAGS = (
					"$(inherited)",
					"-framework",
					XCTest,
					"-ObjC",
				);
				PRODUCT_BUNDLE_IDENTIFIER = "com.raizlabs.$(PRODUCT_NAME:rfc1034identifier)";
				PRODUCT_NAME = "$(TARGET_NAME)";
				SWIFT_OBJC_BRIDGING_HEADER = "RZBluetoothTests/RZBluetoothTests-Bridging-Header.h";
				SWIFT_VERSION = 3.0;
			};
			name = Release;
		};
		AB45C5171B6BF8D300CC0166 /* Debug */ = {
			isa = XCBuildConfiguration;
			buildSettings = {
				GCC_PREPROCESSOR_DEFINITIONS = (
					"DEBUG=1",
					"$(inherited)",
				);
				OTHER_LDFLAGS = "-ObjC";
				PRODUCT_NAME = "$(TARGET_NAME)";
				SKIP_INSTALL = YES;
			};
			name = Debug;
		};
		AB45C5181B6BF8D300CC0166 /* Release */ = {
			isa = XCBuildConfiguration;
			buildSettings = {
				OTHER_LDFLAGS = "-ObjC";
				PRODUCT_NAME = "$(TARGET_NAME)";
				SKIP_INSTALL = YES;
			};
			name = Release;
		};
		D59C33BA20101CC40056401E /* Debug */ = {
			isa = XCBuildConfiguration;
			buildSettings = {
				OTHER_LDFLAGS = "-ObjC";
				PRODUCT_NAME = "$(TARGET_NAME)";
				SDKROOT = watchos;
				SKIP_INSTALL = YES;
				SUPPORTED_PLATFORMS = "watchsimulator watchos";
			};
			name = Debug;
		};
		D59C33BB20101CC40056401E /* Release */ = {
			isa = XCBuildConfiguration;
			buildSettings = {
				OTHER_LDFLAGS = "-ObjC";
				PRODUCT_NAME = "$(TARGET_NAME)";
				SDKROOT = watchos;
				SKIP_INSTALL = YES;
				SUPPORTED_PLATFORMS = "watchsimulator watchos";
			};
			name = Release;
		};
/* End XCBuildConfiguration section */

/* Begin XCConfigurationList section */
		15930BD71D1C2032009C269C /* Build configuration list for PBXNativeTarget "RZBluetooth-OSX" */ = {
			isa = XCConfigurationList;
			buildConfigurations = (
				15930BD81D1C2032009C269C /* Debug */,
				15930BD91D1C2032009C269C /* Release */,
			);
			defaultConfigurationIsVisible = 0;
			defaultConfigurationName = Release;
		};
		AB45C4941B6BF70B00CC0166 /* Build configuration list for PBXProject "RZBluetooth" */ = {
			isa = XCConfigurationList;
			buildConfigurations = (
				AB45C4AB1B6BF70B00CC0166 /* Debug */,
				AB45C4AC1B6BF70B00CC0166 /* Release */,
			);
			defaultConfigurationIsVisible = 0;
			defaultConfigurationName = Release;
		};
		AB45C4AD1B6BF70B00CC0166 /* Build configuration list for PBXNativeTarget "RZBluetooth" */ = {
			isa = XCConfigurationList;
			buildConfigurations = (
				AB45C4AE1B6BF70B00CC0166 /* Debug */,
				AB45C4AF1B6BF70B00CC0166 /* Release */,
			);
			defaultConfigurationIsVisible = 0;
			defaultConfigurationName = Release;
		};
		AB45C4B01B6BF70B00CC0166 /* Build configuration list for PBXNativeTarget "RZBluetoothTests" */ = {
			isa = XCConfigurationList;
			buildConfigurations = (
				AB45C4B11B6BF70B00CC0166 /* Debug */,
				AB45C4B21B6BF70B00CC0166 /* Release */,
			);
			defaultConfigurationIsVisible = 0;
			defaultConfigurationName = Release;
		};
		AB45C5161B6BF8D300CC0166 /* Build configuration list for PBXNativeTarget "RZMockBluetooth" */ = {
			isa = XCConfigurationList;
			buildConfigurations = (
				AB45C5171B6BF8D300CC0166 /* Debug */,
				AB45C5181B6BF8D300CC0166 /* Release */,
			);
			defaultConfigurationIsVisible = 0;
			defaultConfigurationName = Release;
		};
		D59C33B920101CC40056401E /* Build configuration list for PBXNativeTarget "RZBluetooth-watchos" */ = {
			isa = XCConfigurationList;
			buildConfigurations = (
				D59C33BA20101CC40056401E /* Debug */,
				D59C33BB20101CC40056401E /* Release */,
			);
			defaultConfigurationIsVisible = 0;
			defaultConfigurationName = Release;
		};
/* End XCConfigurationList section */
	};
	rootObject = AB45C4911B6BF70B00CC0166 /* Project object */;
}
